// !$*UTF8*$!
{
	archiveVersion = 1;
	classes = {
	};
	objectVersion = 55;
	objects = {

/* Begin PBXBuildFile section */
		34473B8A28F33EE600614834 /* BaseApp.swift in Sources */ = {isa = PBXBuildFile; fileRef = 34473B8928F33EE600614834 /* BaseApp.swift */; };
		34473B8C28F33EE600614834 /* ContentView.swift in Sources */ = {isa = PBXBuildFile; fileRef = 34473B8B28F33EE600614834 /* ContentView.swift */; };
		34473B8E28F33EE600614834 /* Assets.xcassets in Resources */ = {isa = PBXBuildFile; fileRef = 34473B8D28F33EE600614834 /* Assets.xcassets */; };
		34473B9128F33EE600614834 /* Preview Assets.xcassets in Resources */ = {isa = PBXBuildFile; fileRef = 34473B9028F33EE600614834 /* Preview Assets.xcassets */; };
		34473B9B28F33EE700614834 /* BaseTests.swift in Sources */ = {isa = PBXBuildFile; fileRef = 34473B9A28F33EE700614834 /* BaseTests.swift */; };
		34473BA528F33EE700614834 /* BaseUITests.swift in Sources */ = {isa = PBXBuildFile; fileRef = 34473BA428F33EE700614834 /* BaseUITests.swift */; };
		34473BA728F33EE700614834 /* BaseUITestsLaunchTests.swift in Sources */ = {isa = PBXBuildFile; fileRef = 34473BA628F33EE700614834 /* BaseUITestsLaunchTests.swift */; };
		34473BAB28F33EE700614834 /* Base WatchKit App.app in Embed Watch Content */ = {isa = PBXBuildFile; fileRef = 34473BAA28F33EE700614834 /* Base WatchKit App.app */; settings = {ATTRIBUTES = (RemoveHeadersOnCopy, ); }; };
		34473BB028F33EE700614834 /* Assets.xcassets in Resources */ = {isa = PBXBuildFile; fileRef = 34473BAF28F33EE700614834 /* Assets.xcassets */; };
		34473BB628F33EE700614834 /* Base WatchKit Extension.appex in Embed App Extensions */ = {isa = PBXBuildFile; fileRef = 34473BB528F33EE700614834 /* Base WatchKit Extension.appex */; settings = {ATTRIBUTES = (RemoveHeadersOnCopy, ); }; };
		34473BBB28F33EE700614834 /* BaseApp.swift in Sources */ = {isa = PBXBuildFile; fileRef = 34473BBA28F33EE700614834 /* BaseApp.swift */; };
		34473BBD28F33EE700614834 /* ContentView.swift in Sources */ = {isa = PBXBuildFile; fileRef = 34473BBC28F33EE700614834 /* ContentView.swift */; };
		34473BBF28F33EE700614834 /* NotificationController.swift in Sources */ = {isa = PBXBuildFile; fileRef = 34473BBE28F33EE700614834 /* NotificationController.swift */; };
		34473BC128F33EE700614834 /* NotificationView.swift in Sources */ = {isa = PBXBuildFile; fileRef = 34473BC028F33EE700614834 /* NotificationView.swift */; };
		34473BC328F33EE700614834 /* ComplicationController.swift in Sources */ = {isa = PBXBuildFile; fileRef = 34473BC228F33EE700614834 /* ComplicationController.swift */; };
		34473BC528F33EE800614834 /* Assets.xcassets in Resources */ = {isa = PBXBuildFile; fileRef = 34473BC428F33EE800614834 /* Assets.xcassets */; };
		34473BC828F33EE800614834 /* Preview Assets.xcassets in Resources */ = {isa = PBXBuildFile; fileRef = 34473BC728F33EE800614834 /* Preview Assets.xcassets */; };
		34473BD428F33EE800614834 /* Base_WatchKit_AppTests.swift in Sources */ = {isa = PBXBuildFile; fileRef = 34473BD328F33EE800614834 /* Base_WatchKit_AppTests.swift */; };
		34473BDE28F33EE800614834 /* Base_WatchKit_AppUITests.swift in Sources */ = {isa = PBXBuildFile; fileRef = 34473BDD28F33EE800614834 /* Base_WatchKit_AppUITests.swift */; };
		34473BE028F33EE800614834 /* Base_WatchKit_AppUITestsLaunchTests.swift in Sources */ = {isa = PBXBuildFile; fileRef = 34473BDF28F33EE800614834 /* Base_WatchKit_AppUITestsLaunchTests.swift */; };
		34473BFF28F3407400614834 /* HeartModel.swift in Sources */ = {isa = PBXBuildFile; fileRef = 34473BFE28F3407400614834 /* HeartModel.swift */; };
		34473C0028F3407400614834 /* HeartModel.swift in Sources */ = {isa = PBXBuildFile; fileRef = 34473BFE28F3407400614834 /* HeartModel.swift */; };
		34473C0228F3409F00614834 /* HeartView.swift in Sources */ = {isa = PBXBuildFile; fileRef = 34473C0128F3409F00614834 /* HeartView.swift */; };
		34473C0328F3409F00614834 /* HeartView.swift in Sources */ = {isa = PBXBuildFile; fileRef = 34473C0128F3409F00614834 /* HeartView.swift */; };
		34473C0528F340FB00614834 /* HeartProvider.swift in Sources */ = {isa = PBXBuildFile; fileRef = 34473C0428F340FB00614834 /* HeartProvider.swift */; };
		34473C0628F340FB00614834 /* HeartProvider.swift in Sources */ = {isa = PBXBuildFile; fileRef = 34473C0428F340FB00614834 /* HeartProvider.swift */; };
		34473C0828F3414C00614834 /* ConnectivityProvider.swift in Sources */ = {isa = PBXBuildFile; fileRef = 34473C0728F3414C00614834 /* ConnectivityProvider.swift */; };
		34473C0928F3414C00614834 /* ConnectivityProvider.swift in Sources */ = {isa = PBXBuildFile; fileRef = 34473C0728F3414C00614834 /* ConnectivityProvider.swift */; };
		34473C1B28F34A2A00614834 /* DetrendedFluctuationWrapper.mm in Sources */ = {isa = PBXBuildFile; fileRef = 34473C1A28F34A2A00614834 /* DetrendedFluctuationWrapper.mm */; };
		34473C1C28F34A2A00614834 /* DetrendedFluctuationWrapper.mm in Sources */ = {isa = PBXBuildFile; fileRef = 34473C1A28F34A2A00614834 /* DetrendedFluctuationWrapper.mm */; };
		34473C2A28F3817800614834 /* DetrendedFluctuation.cpp in Sources */ = {isa = PBXBuildFile; fileRef = 34473C2928F3817800614834 /* DetrendedFluctuation.cpp */; };
		34473C2B28F3817800614834 /* DetrendedFluctuation.cpp in Sources */ = {isa = PBXBuildFile; fileRef = 34473C2928F3817800614834 /* DetrendedFluctuation.cpp */; };
/* End PBXBuildFile section */

/* Begin PBXContainerItemProxy section */
		34473B9728F33EE700614834 /* PBXContainerItemProxy */ = {
			isa = PBXContainerItemProxy;
			containerPortal = 34473B7E28F33EE600614834 /* Project object */;
			proxyType = 1;
			remoteGlobalIDString = 34473B8528F33EE600614834;
			remoteInfo = Base;
		};
		34473BA128F33EE700614834 /* PBXContainerItemProxy */ = {
			isa = PBXContainerItemProxy;
			containerPortal = 34473B7E28F33EE600614834 /* Project object */;
			proxyType = 1;
			remoteGlobalIDString = 34473B8528F33EE600614834;
			remoteInfo = Base;
		};
		34473BAC28F33EE700614834 /* PBXContainerItemProxy */ = {
			isa = PBXContainerItemProxy;
			containerPortal = 34473B7E28F33EE600614834 /* Project object */;
			proxyType = 1;
			remoteGlobalIDString = 34473BA928F33EE700614834;
			remoteInfo = "Base WatchKit App";
		};
		34473BB728F33EE700614834 /* PBXContainerItemProxy */ = {
			isa = PBXContainerItemProxy;
			containerPortal = 34473B7E28F33EE600614834 /* Project object */;
			proxyType = 1;
			remoteGlobalIDString = 34473BB428F33EE700614834;
			remoteInfo = "Base WatchKit Extension";
		};
		34473BD028F33EE800614834 /* PBXContainerItemProxy */ = {
			isa = PBXContainerItemProxy;
			containerPortal = 34473B7E28F33EE600614834 /* Project object */;
			proxyType = 1;
			remoteGlobalIDString = 34473BB428F33EE700614834;
			remoteInfo = "Base WatchKit Extension";
		};
		34473BDA28F33EE800614834 /* PBXContainerItemProxy */ = {
			isa = PBXContainerItemProxy;
			containerPortal = 34473B7E28F33EE600614834 /* Project object */;
			proxyType = 1;
			remoteGlobalIDString = 34473BA928F33EE700614834;
			remoteInfo = "Base WatchKit App";
		};
/* End PBXContainerItemProxy section */

/* Begin PBXCopyFilesBuildPhase section */
		34473BE628F33EE800614834 /* Embed App Extensions */ = {
			isa = PBXCopyFilesBuildPhase;
			buildActionMask = 2147483647;
			dstPath = "";
			dstSubfolderSpec = 13;
			files = (
				34473BB628F33EE700614834 /* Base WatchKit Extension.appex in Embed App Extensions */,
			);
			name = "Embed App Extensions";
			runOnlyForDeploymentPostprocessing = 0;
		};
		34473BEA28F33EE800614834 /* Embed Watch Content */ = {
			isa = PBXCopyFilesBuildPhase;
			buildActionMask = 2147483647;
			dstPath = "$(CONTENTS_FOLDER_PATH)/Watch";
			dstSubfolderSpec = 16;
			files = (
				34473BAB28F33EE700614834 /* Base WatchKit App.app in Embed Watch Content */,
			);
			name = "Embed Watch Content";
			runOnlyForDeploymentPostprocessing = 0;
		};
/* End PBXCopyFilesBuildPhase section */

/* Begin PBXFileReference section */
		34473B8628F33EE600614834 /* Base.app */ = {isa = PBXFileReference; explicitFileType = wrapper.application; includeInIndex = 0; path = Base.app; sourceTree = BUILT_PRODUCTS_DIR; };
		34473B8928F33EE600614834 /* BaseApp.swift */ = {isa = PBXFileReference; lastKnownFileType = sourcecode.swift; path = BaseApp.swift; sourceTree = "<group>"; };
		34473B8B28F33EE600614834 /* ContentView.swift */ = {isa = PBXFileReference; lastKnownFileType = sourcecode.swift; path = ContentView.swift; sourceTree = "<group>"; };
		34473B8D28F33EE600614834 /* Assets.xcassets */ = {isa = PBXFileReference; lastKnownFileType = folder.assetcatalog; path = Assets.xcassets; sourceTree = "<group>"; };
		34473B9028F33EE600614834 /* Preview Assets.xcassets */ = {isa = PBXFileReference; lastKnownFileType = folder.assetcatalog; path = "Preview Assets.xcassets"; sourceTree = "<group>"; };
		34473B9628F33EE700614834 /* BaseTests.xctest */ = {isa = PBXFileReference; explicitFileType = wrapper.cfbundle; includeInIndex = 0; path = BaseTests.xctest; sourceTree = BUILT_PRODUCTS_DIR; };
		34473B9A28F33EE700614834 /* BaseTests.swift */ = {isa = PBXFileReference; lastKnownFileType = sourcecode.swift; path = BaseTests.swift; sourceTree = "<group>"; };
		34473BA028F33EE700614834 /* BaseUITests.xctest */ = {isa = PBXFileReference; explicitFileType = wrapper.cfbundle; includeInIndex = 0; path = BaseUITests.xctest; sourceTree = BUILT_PRODUCTS_DIR; };
		34473BA428F33EE700614834 /* BaseUITests.swift */ = {isa = PBXFileReference; lastKnownFileType = sourcecode.swift; path = BaseUITests.swift; sourceTree = "<group>"; };
		34473BA628F33EE700614834 /* BaseUITestsLaunchTests.swift */ = {isa = PBXFileReference; lastKnownFileType = sourcecode.swift; path = BaseUITestsLaunchTests.swift; sourceTree = "<group>"; };
		34473BAA28F33EE700614834 /* Base WatchKit App.app */ = {isa = PBXFileReference; explicitFileType = wrapper.application; includeInIndex = 0; path = "Base WatchKit App.app"; sourceTree = BUILT_PRODUCTS_DIR; };
		34473BAF28F33EE700614834 /* Assets.xcassets */ = {isa = PBXFileReference; lastKnownFileType = folder.assetcatalog; path = Assets.xcassets; sourceTree = "<group>"; };
		34473BB528F33EE700614834 /* Base WatchKit Extension.appex */ = {isa = PBXFileReference; explicitFileType = "wrapper.app-extension"; includeInIndex = 0; path = "Base WatchKit Extension.appex"; sourceTree = BUILT_PRODUCTS_DIR; };
		34473BBA28F33EE700614834 /* BaseApp.swift */ = {isa = PBXFileReference; lastKnownFileType = sourcecode.swift; path = BaseApp.swift; sourceTree = "<group>"; };
		34473BBC28F33EE700614834 /* ContentView.swift */ = {isa = PBXFileReference; lastKnownFileType = sourcecode.swift; path = ContentView.swift; sourceTree = "<group>"; };
		34473BBE28F33EE700614834 /* NotificationController.swift */ = {isa = PBXFileReference; lastKnownFileType = sourcecode.swift; path = NotificationController.swift; sourceTree = "<group>"; };
		34473BC028F33EE700614834 /* NotificationView.swift */ = {isa = PBXFileReference; lastKnownFileType = sourcecode.swift; path = NotificationView.swift; sourceTree = "<group>"; };
		34473BC228F33EE700614834 /* ComplicationController.swift */ = {isa = PBXFileReference; lastKnownFileType = sourcecode.swift; path = ComplicationController.swift; sourceTree = "<group>"; };
		34473BC428F33EE800614834 /* Assets.xcassets */ = {isa = PBXFileReference; lastKnownFileType = folder.assetcatalog; path = Assets.xcassets; sourceTree = "<group>"; };
		34473BC728F33EE800614834 /* Preview Assets.xcassets */ = {isa = PBXFileReference; lastKnownFileType = folder.assetcatalog; path = "Preview Assets.xcassets"; sourceTree = "<group>"; };
		34473BC928F33EE800614834 /* Info.plist */ = {isa = PBXFileReference; lastKnownFileType = text.plist.xml; path = Info.plist; sourceTree = "<group>"; };
		34473BCA28F33EE800614834 /* PushNotificationPayload.apns */ = {isa = PBXFileReference; lastKnownFileType = text; path = PushNotificationPayload.apns; sourceTree = "<group>"; };
		34473BCF28F33EE800614834 /* Base WatchKit AppTests.xctest */ = {isa = PBXFileReference; explicitFileType = wrapper.cfbundle; includeInIndex = 0; path = "Base WatchKit AppTests.xctest"; sourceTree = BUILT_PRODUCTS_DIR; };
		34473BD328F33EE800614834 /* Base_WatchKit_AppTests.swift */ = {isa = PBXFileReference; lastKnownFileType = sourcecode.swift; path = Base_WatchKit_AppTests.swift; sourceTree = "<group>"; };
		34473BD928F33EE800614834 /* Base WatchKit AppUITests.xctest */ = {isa = PBXFileReference; explicitFileType = wrapper.cfbundle; includeInIndex = 0; path = "Base WatchKit AppUITests.xctest"; sourceTree = BUILT_PRODUCTS_DIR; };
		34473BDD28F33EE800614834 /* Base_WatchKit_AppUITests.swift */ = {isa = PBXFileReference; lastKnownFileType = sourcecode.swift; path = Base_WatchKit_AppUITests.swift; sourceTree = "<group>"; };
		34473BDF28F33EE800614834 /* Base_WatchKit_AppUITestsLaunchTests.swift */ = {isa = PBXFileReference; lastKnownFileType = sourcecode.swift; path = Base_WatchKit_AppUITestsLaunchTests.swift; sourceTree = "<group>"; };
		34473BFE28F3407400614834 /* HeartModel.swift */ = {isa = PBXFileReference; lastKnownFileType = sourcecode.swift; path = HeartModel.swift; sourceTree = "<group>"; };
		34473C0128F3409F00614834 /* HeartView.swift */ = {isa = PBXFileReference; lastKnownFileType = sourcecode.swift; path = HeartView.swift; sourceTree = "<group>"; };
		34473C0428F340FB00614834 /* HeartProvider.swift */ = {isa = PBXFileReference; lastKnownFileType = sourcecode.swift; path = HeartProvider.swift; sourceTree = "<group>"; };
		34473C0728F3414C00614834 /* ConnectivityProvider.swift */ = {isa = PBXFileReference; lastKnownFileType = sourcecode.swift; path = ConnectivityProvider.swift; sourceTree = "<group>"; };
		34473C0C28F344B900614834 /* Base WatchKit Extension-Bridging-Header.h */ = {isa = PBXFileReference; lastKnownFileType = sourcecode.c.h; path = "Base WatchKit Extension-Bridging-Header.h"; sourceTree = "<group>"; };
		34473C0D28F344EA00614834 /* Base-Bridging-Header.h */ = {isa = PBXFileReference; lastKnownFileType = sourcecode.c.h; path = "Base-Bridging-Header.h"; sourceTree = "<group>"; };
		34473C1328F349CA00614834 /* Base-Bridging-Header.h */ = {isa = PBXFileReference; lastKnownFileType = sourcecode.c.h; path = "Base-Bridging-Header.h"; sourceTree = "<group>"; };
		34473C1428F349CA00614834 /* Base WatchKit Extension-Bridging-Header.h */ = {isa = PBXFileReference; lastKnownFileType = sourcecode.c.h; path = "Base WatchKit Extension-Bridging-Header.h"; sourceTree = "<group>"; };
		34473C1928F34A0B00614834 /* DetrendedFluctuationWrapper.h */ = {isa = PBXFileReference; lastKnownFileType = sourcecode.c.h; path = DetrendedFluctuationWrapper.h; sourceTree = "<group>"; };
		34473C1A28F34A2A00614834 /* DetrendedFluctuationWrapper.mm */ = {isa = PBXFileReference; lastKnownFileType = sourcecode.cpp.objcpp; path = DetrendedFluctuationWrapper.mm; sourceTree = "<group>"; };
		34473C2828F3817800614834 /* DetrendedFluctuation.hpp */ = {isa = PBXFileReference; lastKnownFileType = sourcecode.cpp.h; path = DetrendedFluctuation.hpp; sourceTree = "<group>"; };
		34473C2928F3817800614834 /* DetrendedFluctuation.cpp */ = {isa = PBXFileReference; lastKnownFileType = sourcecode.cpp.cpp; path = DetrendedFluctuation.cpp; sourceTree = "<group>"; };
/* End PBXFileReference section */

/* Begin PBXFrameworksBuildPhase section */
		34473B8328F33EE600614834 /* Frameworks */ = {
			isa = PBXFrameworksBuildPhase;
			buildActionMask = 2147483647;
			files = (
			);
			runOnlyForDeploymentPostprocessing = 0;
		};
		34473B9328F33EE700614834 /* Frameworks */ = {
			isa = PBXFrameworksBuildPhase;
			buildActionMask = 2147483647;
			files = (
			);
			runOnlyForDeploymentPostprocessing = 0;
		};
		34473B9D28F33EE700614834 /* Frameworks */ = {
			isa = PBXFrameworksBuildPhase;
			buildActionMask = 2147483647;
			files = (
			);
			runOnlyForDeploymentPostprocessing = 0;
		};
		34473BB228F33EE700614834 /* Frameworks */ = {
			isa = PBXFrameworksBuildPhase;
			buildActionMask = 2147483647;
			files = (
			);
			runOnlyForDeploymentPostprocessing = 0;
		};
		34473BCC28F33EE800614834 /* Frameworks */ = {
			isa = PBXFrameworksBuildPhase;
			buildActionMask = 2147483647;
			files = (
			);
			runOnlyForDeploymentPostprocessing = 0;
		};
		34473BD628F33EE800614834 /* Frameworks */ = {
			isa = PBXFrameworksBuildPhase;
			buildActionMask = 2147483647;
			files = (
			);
			runOnlyForDeploymentPostprocessing = 0;
		};
/* End PBXFrameworksBuildPhase section */

/* Begin PBXGroup section */
		34473B7D28F33EE600614834 = {
			isa = PBXGroup;
			children = (
				34473C0D28F344EA00614834 /* Base-Bridging-Header.h */,
				34473C0C28F344B900614834 /* Base WatchKit Extension-Bridging-Header.h */,
				34473BFA28F3401600614834 /* Shared */,
				34473B8828F33EE600614834 /* Base */,
				34473B9928F33EE700614834 /* BaseTests */,
				34473BA328F33EE700614834 /* BaseUITests */,
				34473BAE28F33EE700614834 /* Base WatchKit App */,
				34473BB928F33EE700614834 /* Base WatchKit Extension */,
				34473BD228F33EE800614834 /* Base WatchKit AppTests */,
				34473BDC28F33EE800614834 /* Base WatchKit AppUITests */,
				34473B8728F33EE600614834 /* Products */,
				34473C1328F349CA00614834 /* Base-Bridging-Header.h */,
				34473C1428F349CA00614834 /* Base WatchKit Extension-Bridging-Header.h */,
			);
			sourceTree = "<group>";
		};
		34473B8728F33EE600614834 /* Products */ = {
			isa = PBXGroup;
			children = (
				34473B8628F33EE600614834 /* Base.app */,
				34473B9628F33EE700614834 /* BaseTests.xctest */,
				34473BA028F33EE700614834 /* BaseUITests.xctest */,
				34473BAA28F33EE700614834 /* Base WatchKit App.app */,
				34473BB528F33EE700614834 /* Base WatchKit Extension.appex */,
				34473BCF28F33EE800614834 /* Base WatchKit AppTests.xctest */,
				34473BD928F33EE800614834 /* Base WatchKit AppUITests.xctest */,
			);
			name = Products;
			sourceTree = "<group>";
		};
		34473B8828F33EE600614834 /* Base */ = {
			isa = PBXGroup;
			children = (
				34473B8928F33EE600614834 /* BaseApp.swift */,
				34473B8B28F33EE600614834 /* ContentView.swift */,
				34473B8D28F33EE600614834 /* Assets.xcassets */,
				34473B8F28F33EE600614834 /* Preview Content */,
			);
			path = Base;
			sourceTree = "<group>";
		};
		34473B8F28F33EE600614834 /* Preview Content */ = {
			isa = PBXGroup;
			children = (
				34473B9028F33EE600614834 /* Preview Assets.xcassets */,
			);
			path = "Preview Content";
			sourceTree = "<group>";
		};
		34473B9928F33EE700614834 /* BaseTests */ = {
			isa = PBXGroup;
			children = (
				34473B9A28F33EE700614834 /* BaseTests.swift */,
			);
			path = BaseTests;
			sourceTree = "<group>";
		};
		34473BA328F33EE700614834 /* BaseUITests */ = {
			isa = PBXGroup;
			children = (
				34473BA428F33EE700614834 /* BaseUITests.swift */,
				34473BA628F33EE700614834 /* BaseUITestsLaunchTests.swift */,
			);
			path = BaseUITests;
			sourceTree = "<group>";
		};
		34473BAE28F33EE700614834 /* Base WatchKit App */ = {
			isa = PBXGroup;
			children = (
				34473BAF28F33EE700614834 /* Assets.xcassets */,
			);
			path = "Base WatchKit App";
			sourceTree = "<group>";
		};
		34473BB928F33EE700614834 /* Base WatchKit Extension */ = {
			isa = PBXGroup;
			children = (
				34473BBA28F33EE700614834 /* BaseApp.swift */,
				34473BBC28F33EE700614834 /* ContentView.swift */,
				34473BBE28F33EE700614834 /* NotificationController.swift */,
				34473BC028F33EE700614834 /* NotificationView.swift */,
				34473BC228F33EE700614834 /* ComplicationController.swift */,
				34473BC428F33EE800614834 /* Assets.xcassets */,
				34473BC928F33EE800614834 /* Info.plist */,
				34473BCA28F33EE800614834 /* PushNotificationPayload.apns */,
				34473BC628F33EE800614834 /* Preview Content */,
			);
			path = "Base WatchKit Extension";
			sourceTree = "<group>";
		};
		34473BC628F33EE800614834 /* Preview Content */ = {
			isa = PBXGroup;
			children = (
				34473BC728F33EE800614834 /* Preview Assets.xcassets */,
			);
			path = "Preview Content";
			sourceTree = "<group>";
		};
		34473BD228F33EE800614834 /* Base WatchKit AppTests */ = {
			isa = PBXGroup;
			children = (
				34473BD328F33EE800614834 /* Base_WatchKit_AppTests.swift */,
			);
			path = "Base WatchKit AppTests";
			sourceTree = "<group>";
		};
		34473BDC28F33EE800614834 /* Base WatchKit AppUITests */ = {
			isa = PBXGroup;
			children = (
				34473BDD28F33EE800614834 /* Base_WatchKit_AppUITests.swift */,
				34473BDF28F33EE800614834 /* Base_WatchKit_AppUITestsLaunchTests.swift */,
			);
			path = "Base WatchKit AppUITests";
			sourceTree = "<group>";
		};
		34473BFA28F3401600614834 /* Shared */ = {
			isa = PBXGroup;
			children = (
				34473C2C28F3827100614834 /* External */,
				34473C2728F380E500614834 /* Wrappers */,
				34473BFD28F3404400614834 /* Models */,
				34473BFC28F3403E00614834 /* Views */,
				34473BFB28F3402F00614834 /* Providers */,
			);
			path = Shared;
			sourceTree = "<group>";
		};
		34473BFB28F3402F00614834 /* Providers */ = {
			isa = PBXGroup;
			children = (
				34473C0428F340FB00614834 /* HeartProvider.swift */,
				34473C0728F3414C00614834 /* ConnectivityProvider.swift */,
			);
			path = Providers;
			sourceTree = "<group>";
		};
		34473BFC28F3403E00614834 /* Views */ = {
			isa = PBXGroup;
			children = (
				34473C0128F3409F00614834 /* HeartView.swift */,
			);
			path = Views;
			sourceTree = "<group>";
		};
		34473BFD28F3404400614834 /* Models */ = {
			isa = PBXGroup;
			children = (
				34473BFE28F3407400614834 /* HeartModel.swift */,
			);
			path = Models;
			sourceTree = "<group>";
		};
		34473C2728F380E500614834 /* Wrappers */ = {
			isa = PBXGroup;
			children = (
				34473C1928F34A0B00614834 /* DetrendedFluctuationWrapper.h */,
				34473C1A28F34A2A00614834 /* DetrendedFluctuationWrapper.mm */,
			);
			path = Wrappers;
			sourceTree = "<group>";
		};
		34473C2C28F3827100614834 /* External */ = {
			isa = PBXGroup;
			children = (
				34473C2928F3817800614834 /* DetrendedFluctuation.cpp */,
				34473C2828F3817800614834 /* DetrendedFluctuation.hpp */,
			);
			path = External;
			sourceTree = "<group>";
		};
/* End PBXGroup section */

/* Begin PBXNativeTarget section */
		34473B8528F33EE600614834 /* Base */ = {
			isa = PBXNativeTarget;
			buildConfigurationList = 34473BEB28F33EE800614834 /* Build configuration list for PBXNativeTarget "Base" */;
			buildPhases = (
				34473B8228F33EE600614834 /* Sources */,
				34473B8328F33EE600614834 /* Frameworks */,
				34473B8428F33EE600614834 /* Resources */,
				34473BEA28F33EE800614834 /* Embed Watch Content */,
			);
			buildRules = (
			);
			dependencies = (
				34473BAD28F33EE700614834 /* PBXTargetDependency */,
			);
			name = Base;
			productName = Base;
			productReference = 34473B8628F33EE600614834 /* Base.app */;
			productType = "com.apple.product-type.application";
		};
		34473B9528F33EE700614834 /* BaseTests */ = {
			isa = PBXNativeTarget;
			buildConfigurationList = 34473BEE28F33EE800614834 /* Build configuration list for PBXNativeTarget "BaseTests" */;
			buildPhases = (
				34473B9228F33EE700614834 /* Sources */,
				34473B9328F33EE700614834 /* Frameworks */,
				34473B9428F33EE700614834 /* Resources */,
			);
			buildRules = (
			);
			dependencies = (
				34473B9828F33EE700614834 /* PBXTargetDependency */,
			);
			name = BaseTests;
			productName = BaseTests;
			productReference = 34473B9628F33EE700614834 /* BaseTests.xctest */;
			productType = "com.apple.product-type.bundle.unit-test";
		};
		34473B9F28F33EE700614834 /* BaseUITests */ = {
			isa = PBXNativeTarget;
			buildConfigurationList = 34473BF128F33EE800614834 /* Build configuration list for PBXNativeTarget "BaseUITests" */;
			buildPhases = (
				34473B9C28F33EE700614834 /* Sources */,
				34473B9D28F33EE700614834 /* Frameworks */,
				34473B9E28F33EE700614834 /* Resources */,
			);
			buildRules = (
			);
			dependencies = (
				34473BA228F33EE700614834 /* PBXTargetDependency */,
			);
			name = BaseUITests;
			productName = BaseUITests;
			productReference = 34473BA028F33EE700614834 /* BaseUITests.xctest */;
			productType = "com.apple.product-type.bundle.ui-testing";
		};
		34473BA928F33EE700614834 /* Base WatchKit App */ = {
			isa = PBXNativeTarget;
			buildConfigurationList = 34473BE728F33EE800614834 /* Build configuration list for PBXNativeTarget "Base WatchKit App" */;
			buildPhases = (
				34473BA828F33EE700614834 /* Resources */,
				34473BE628F33EE800614834 /* Embed App Extensions */,
			);
			buildRules = (
			);
			dependencies = (
				34473BB828F33EE700614834 /* PBXTargetDependency */,
			);
			name = "Base WatchKit App";
			productName = "Base WatchKit App";
			productReference = 34473BAA28F33EE700614834 /* Base WatchKit App.app */;
			productType = "com.apple.product-type.application.watchapp2";
		};
		34473BB428F33EE700614834 /* Base WatchKit Extension */ = {
			isa = PBXNativeTarget;
			buildConfigurationList = 34473BE328F33EE800614834 /* Build configuration list for PBXNativeTarget "Base WatchKit Extension" */;
			buildPhases = (
				34473BB128F33EE700614834 /* Sources */,
				34473BB228F33EE700614834 /* Frameworks */,
				34473BB328F33EE700614834 /* Resources */,
			);
			buildRules = (
			);
			dependencies = (
			);
			name = "Base WatchKit Extension";
			productName = "Base WatchKit Extension";
			productReference = 34473BB528F33EE700614834 /* Base WatchKit Extension.appex */;
			productType = "com.apple.product-type.watchkit2-extension";
		};
		34473BCE28F33EE800614834 /* Base WatchKit AppTests */ = {
			isa = PBXNativeTarget;
			buildConfigurationList = 34473BF428F33EE800614834 /* Build configuration list for PBXNativeTarget "Base WatchKit AppTests" */;
			buildPhases = (
				34473BCB28F33EE800614834 /* Sources */,
				34473BCC28F33EE800614834 /* Frameworks */,
				34473BCD28F33EE800614834 /* Resources */,
			);
			buildRules = (
			);
			dependencies = (
				34473BD128F33EE800614834 /* PBXTargetDependency */,
			);
			name = "Base WatchKit AppTests";
			productName = "Base WatchKit AppTests";
			productReference = 34473BCF28F33EE800614834 /* Base WatchKit AppTests.xctest */;
			productType = "com.apple.product-type.bundle.unit-test";
		};
		34473BD828F33EE800614834 /* Base WatchKit AppUITests */ = {
			isa = PBXNativeTarget;
			buildConfigurationList = 34473BF728F33EE800614834 /* Build configuration list for PBXNativeTarget "Base WatchKit AppUITests" */;
			buildPhases = (
				34473BD528F33EE800614834 /* Sources */,
				34473BD628F33EE800614834 /* Frameworks */,
				34473BD728F33EE800614834 /* Resources */,
			);
			buildRules = (
			);
			dependencies = (
				34473BDB28F33EE800614834 /* PBXTargetDependency */,
			);
			name = "Base WatchKit AppUITests";
			productName = "Base WatchKit AppUITests";
			productReference = 34473BD928F33EE800614834 /* Base WatchKit AppUITests.xctest */;
			productType = "com.apple.product-type.bundle.ui-testing";
		};
/* End PBXNativeTarget section */

/* Begin PBXProject section */
		34473B7E28F33EE600614834 /* Project object */ = {
			isa = PBXProject;
			attributes = {
				BuildIndependentTargetsInParallel = 1;
				LastSwiftUpdateCheck = 1340;
				LastUpgradeCheck = 1340;
				TargetAttributes = {
					34473B8528F33EE600614834 = {
						CreatedOnToolsVersion = 13.4.1;
						LastSwiftMigration = 1340;
					};
					34473B9528F33EE700614834 = {
						CreatedOnToolsVersion = 13.4.1;
						TestTargetID = 34473B8528F33EE600614834;
					};
					34473B9F28F33EE700614834 = {
						CreatedOnToolsVersion = 13.4.1;
						TestTargetID = 34473B8528F33EE600614834;
					};
					34473BA928F33EE700614834 = {
						CreatedOnToolsVersion = 13.4.1;
					};
					34473BB428F33EE700614834 = {
						CreatedOnToolsVersion = 13.4.1;
						LastSwiftMigration = 1340;
					};
					34473BCE28F33EE800614834 = {
						CreatedOnToolsVersion = 13.4.1;
						TestTargetID = 34473BB428F33EE700614834;
					};
					34473BD828F33EE800614834 = {
						CreatedOnToolsVersion = 13.4.1;
						TestTargetID = 34473BA928F33EE700614834;
					};
				};
			};
			buildConfigurationList = 34473B8128F33EE600614834 /* Build configuration list for PBXProject "Base" */;
			compatibilityVersion = "Xcode 13.0";
			developmentRegion = en;
			hasScannedForEncodings = 0;
			knownRegions = (
				en,
				Base,
			);
			mainGroup = 34473B7D28F33EE600614834;
			productRefGroup = 34473B8728F33EE600614834 /* Products */;
			projectDirPath = "";
			projectRoot = "";
			targets = (
				34473B8528F33EE600614834 /* Base */,
				34473B9528F33EE700614834 /* BaseTests */,
				34473B9F28F33EE700614834 /* BaseUITests */,
				34473BA928F33EE700614834 /* Base WatchKit App */,
				34473BB428F33EE700614834 /* Base WatchKit Extension */,
				34473BCE28F33EE800614834 /* Base WatchKit AppTests */,
				34473BD828F33EE800614834 /* Base WatchKit AppUITests */,
			);
		};
/* End PBXProject section */

/* Begin PBXResourcesBuildPhase section */
		34473B8428F33EE600614834 /* Resources */ = {
			isa = PBXResourcesBuildPhase;
			buildActionMask = 2147483647;
			files = (
				34473B9128F33EE600614834 /* Preview Assets.xcassets in Resources */,
				34473B8E28F33EE600614834 /* Assets.xcassets in Resources */,
			);
			runOnlyForDeploymentPostprocessing = 0;
		};
		34473B9428F33EE700614834 /* Resources */ = {
			isa = PBXResourcesBuildPhase;
			buildActionMask = 2147483647;
			files = (
			);
			runOnlyForDeploymentPostprocessing = 0;
		};
		34473B9E28F33EE700614834 /* Resources */ = {
			isa = PBXResourcesBuildPhase;
			buildActionMask = 2147483647;
			files = (
			);
			runOnlyForDeploymentPostprocessing = 0;
		};
		34473BA828F33EE700614834 /* Resources */ = {
			isa = PBXResourcesBuildPhase;
			buildActionMask = 2147483647;
			files = (
				34473BB028F33EE700614834 /* Assets.xcassets in Resources */,
			);
			runOnlyForDeploymentPostprocessing = 0;
		};
		34473BB328F33EE700614834 /* Resources */ = {
			isa = PBXResourcesBuildPhase;
			buildActionMask = 2147483647;
			files = (
				34473BC828F33EE800614834 /* Preview Assets.xcassets in Resources */,
				34473BC528F33EE800614834 /* Assets.xcassets in Resources */,
			);
			runOnlyForDeploymentPostprocessing = 0;
		};
		34473BCD28F33EE800614834 /* Resources */ = {
			isa = PBXResourcesBuildPhase;
			buildActionMask = 2147483647;
			files = (
			);
			runOnlyForDeploymentPostprocessing = 0;
		};
		34473BD728F33EE800614834 /* Resources */ = {
			isa = PBXResourcesBuildPhase;
			buildActionMask = 2147483647;
			files = (
			);
			runOnlyForDeploymentPostprocessing = 0;
		};
/* End PBXResourcesBuildPhase section */

/* Begin PBXSourcesBuildPhase section */
		34473B8228F33EE600614834 /* Sources */ = {
			isa = PBXSourcesBuildPhase;
			buildActionMask = 2147483647;
			files = (
				34473B8C28F33EE600614834 /* ContentView.swift in Sources */,
				34473C0228F3409F00614834 /* HeartView.swift in Sources */,
				34473C1B28F34A2A00614834 /* DetrendedFluctuationWrapper.mm in Sources */,
				34473BFF28F3407400614834 /* HeartModel.swift in Sources */,
				34473B8A28F33EE600614834 /* BaseApp.swift in Sources */,
				34473C0528F340FB00614834 /* HeartProvider.swift in Sources */,
				34473C2A28F3817800614834 /* DetrendedFluctuation.cpp in Sources */,
				34473C0828F3414C00614834 /* ConnectivityProvider.swift in Sources */,
			);
			runOnlyForDeploymentPostprocessing = 0;
		};
		34473B9228F33EE700614834 /* Sources */ = {
			isa = PBXSourcesBuildPhase;
			buildActionMask = 2147483647;
			files = (
				34473B9B28F33EE700614834 /* BaseTests.swift in Sources */,
			);
			runOnlyForDeploymentPostprocessing = 0;
		};
		34473B9C28F33EE700614834 /* Sources */ = {
			isa = PBXSourcesBuildPhase;
			buildActionMask = 2147483647;
			files = (
				34473BA728F33EE700614834 /* BaseUITestsLaunchTests.swift in Sources */,
				34473BA528F33EE700614834 /* BaseUITests.swift in Sources */,
			);
			runOnlyForDeploymentPostprocessing = 0;
		};
		34473BB128F33EE700614834 /* Sources */ = {
			isa = PBXSourcesBuildPhase;
			buildActionMask = 2147483647;
			files = (
				34473BBF28F33EE700614834 /* NotificationController.swift in Sources */,
				34473BBD28F33EE700614834 /* ContentView.swift in Sources */,
				34473C0928F3414C00614834 /* ConnectivityProvider.swift in Sources */,
				34473C0628F340FB00614834 /* HeartProvider.swift in Sources */,
				34473C0328F3409F00614834 /* HeartView.swift in Sources */,
				34473BC328F33EE700614834 /* ComplicationController.swift in Sources */,
				34473BBB28F33EE700614834 /* BaseApp.swift in Sources */,
				34473C0028F3407400614834 /* HeartModel.swift in Sources */,
				34473C1C28F34A2A00614834 /* DetrendedFluctuationWrapper.mm in Sources */,
				34473BC128F33EE700614834 /* NotificationView.swift in Sources */,
				34473C2B28F3817800614834 /* DetrendedFluctuation.cpp in Sources */,
			);
			runOnlyForDeploymentPostprocessing = 0;
		};
		34473BCB28F33EE800614834 /* Sources */ = {
			isa = PBXSourcesBuildPhase;
			buildActionMask = 2147483647;
			files = (
				34473BD428F33EE800614834 /* Base_WatchKit_AppTests.swift in Sources */,
			);
			runOnlyForDeploymentPostprocessing = 0;
		};
		34473BD528F33EE800614834 /* Sources */ = {
			isa = PBXSourcesBuildPhase;
			buildActionMask = 2147483647;
			files = (
				34473BDE28F33EE800614834 /* Base_WatchKit_AppUITests.swift in Sources */,
				34473BE028F33EE800614834 /* Base_WatchKit_AppUITestsLaunchTests.swift in Sources */,
			);
			runOnlyForDeploymentPostprocessing = 0;
		};
/* End PBXSourcesBuildPhase section */

/* Begin PBXTargetDependency section */
		34473B9828F33EE700614834 /* PBXTargetDependency */ = {
			isa = PBXTargetDependency;
			target = 34473B8528F33EE600614834 /* Base */;
			targetProxy = 34473B9728F33EE700614834 /* PBXContainerItemProxy */;
		};
		34473BA228F33EE700614834 /* PBXTargetDependency */ = {
			isa = PBXTargetDependency;
			target = 34473B8528F33EE600614834 /* Base */;
			targetProxy = 34473BA128F33EE700614834 /* PBXContainerItemProxy */;
		};
		34473BAD28F33EE700614834 /* PBXTargetDependency */ = {
			isa = PBXTargetDependency;
			target = 34473BA928F33EE700614834 /* Base WatchKit App */;
			targetProxy = 34473BAC28F33EE700614834 /* PBXContainerItemProxy */;
		};
		34473BB828F33EE700614834 /* PBXTargetDependency */ = {
			isa = PBXTargetDependency;
			target = 34473BB428F33EE700614834 /* Base WatchKit Extension */;
			targetProxy = 34473BB728F33EE700614834 /* PBXContainerItemProxy */;
		};
		34473BD128F33EE800614834 /* PBXTargetDependency */ = {
			isa = PBXTargetDependency;
			target = 34473BB428F33EE700614834 /* Base WatchKit Extension */;
			targetProxy = 34473BD028F33EE800614834 /* PBXContainerItemProxy */;
		};
		34473BDB28F33EE800614834 /* PBXTargetDependency */ = {
			isa = PBXTargetDependency;
			target = 34473BA928F33EE700614834 /* Base WatchKit App */;
			targetProxy = 34473BDA28F33EE800614834 /* PBXContainerItemProxy */;
		};
/* End PBXTargetDependency section */

/* Begin XCBuildConfiguration section */
		34473BE128F33EE800614834 /* Debug */ = {
			isa = XCBuildConfiguration;
			buildSettings = {
				ALWAYS_SEARCH_USER_PATHS = NO;
				CLANG_ANALYZER_NONNULL = YES;
				CLANG_ANALYZER_NUMBER_OBJECT_CONVERSION = YES_AGGRESSIVE;
				CLANG_CXX_LANGUAGE_STANDARD = "gnu++17";
				CLANG_ENABLE_MODULES = YES;
				CLANG_ENABLE_OBJC_ARC = YES;
				CLANG_ENABLE_OBJC_WEAK = YES;
				CLANG_WARN_BLOCK_CAPTURE_AUTORELEASING = YES;
				CLANG_WARN_BOOL_CONVERSION = YES;
				CLANG_WARN_COMMA = YES;
				CLANG_WARN_CONSTANT_CONVERSION = YES;
				CLANG_WARN_DEPRECATED_OBJC_IMPLEMENTATIONS = YES;
				CLANG_WARN_DIRECT_OBJC_ISA_USAGE = YES_ERROR;
				CLANG_WARN_DOCUMENTATION_COMMENTS = YES;
				CLANG_WARN_EMPTY_BODY = YES;
				CLANG_WARN_ENUM_CONVERSION = YES;
				CLANG_WARN_INFINITE_RECURSION = YES;
				CLANG_WARN_INT_CONVERSION = YES;
				CLANG_WARN_NON_LITERAL_NULL_CONVERSION = YES;
				CLANG_WARN_OBJC_IMPLICIT_RETAIN_SELF = YES;
				CLANG_WARN_OBJC_LITERAL_CONVERSION = YES;
				CLANG_WARN_OBJC_ROOT_CLASS = YES_ERROR;
				CLANG_WARN_QUOTED_INCLUDE_IN_FRAMEWORK_HEADER = YES;
				CLANG_WARN_RANGE_LOOP_ANALYSIS = YES;
				CLANG_WARN_STRICT_PROTOTYPES = YES;
				CLANG_WARN_SUSPICIOUS_MOVE = YES;
				CLANG_WARN_UNGUARDED_AVAILABILITY = YES_AGGRESSIVE;
				CLANG_WARN_UNREACHABLE_CODE = YES;
				CLANG_WARN__DUPLICATE_METHOD_MATCH = YES;
				COPY_PHASE_STRIP = NO;
				DEBUG_INFORMATION_FORMAT = dwarf;
				ENABLE_STRICT_OBJC_MSGSEND = YES;
				ENABLE_TESTABILITY = YES;
				GCC_C_LANGUAGE_STANDARD = gnu11;
				GCC_DYNAMIC_NO_PIC = NO;
				GCC_NO_COMMON_BLOCKS = YES;
				GCC_OPTIMIZATION_LEVEL = 0;
				GCC_PREPROCESSOR_DEFINITIONS = (
					"DEBUG=1",
					"$(inherited)",
				);
				GCC_WARN_64_TO_32_BIT_CONVERSION = YES;
				GCC_WARN_ABOUT_RETURN_TYPE = YES_ERROR;
				GCC_WARN_UNDECLARED_SELECTOR = YES;
				GCC_WARN_UNINITIALIZED_AUTOS = YES_AGGRESSIVE;
				GCC_WARN_UNUSED_FUNCTION = YES;
				GCC_WARN_UNUSED_VARIABLE = YES;
				MTL_ENABLE_DEBUG_INFO = INCLUDE_SOURCE;
				MTL_FAST_MATH = YES;
				ONLY_ACTIVE_ARCH = YES;
				SWIFT_ACTIVE_COMPILATION_CONDITIONS = DEBUG;
				SWIFT_OPTIMIZATION_LEVEL = "-Onone";
			};
			name = Debug;
		};
		34473BE228F33EE800614834 /* Release */ = {
			isa = XCBuildConfiguration;
			buildSettings = {
				ALWAYS_SEARCH_USER_PATHS = NO;
				CLANG_ANALYZER_NONNULL = YES;
				CLANG_ANALYZER_NUMBER_OBJECT_CONVERSION = YES_AGGRESSIVE;
				CLANG_CXX_LANGUAGE_STANDARD = "gnu++17";
				CLANG_ENABLE_MODULES = YES;
				CLANG_ENABLE_OBJC_ARC = YES;
				CLANG_ENABLE_OBJC_WEAK = YES;
				CLANG_WARN_BLOCK_CAPTURE_AUTORELEASING = YES;
				CLANG_WARN_BOOL_CONVERSION = YES;
				CLANG_WARN_COMMA = YES;
				CLANG_WARN_CONSTANT_CONVERSION = YES;
				CLANG_WARN_DEPRECATED_OBJC_IMPLEMENTATIONS = YES;
				CLANG_WARN_DIRECT_OBJC_ISA_USAGE = YES_ERROR;
				CLANG_WARN_DOCUMENTATION_COMMENTS = YES;
				CLANG_WARN_EMPTY_BODY = YES;
				CLANG_WARN_ENUM_CONVERSION = YES;
				CLANG_WARN_INFINITE_RECURSION = YES;
				CLANG_WARN_INT_CONVERSION = YES;
				CLANG_WARN_NON_LITERAL_NULL_CONVERSION = YES;
				CLANG_WARN_OBJC_IMPLICIT_RETAIN_SELF = YES;
				CLANG_WARN_OBJC_LITERAL_CONVERSION = YES;
				CLANG_WARN_OBJC_ROOT_CLASS = YES_ERROR;
				CLANG_WARN_QUOTED_INCLUDE_IN_FRAMEWORK_HEADER = YES;
				CLANG_WARN_RANGE_LOOP_ANALYSIS = YES;
				CLANG_WARN_STRICT_PROTOTYPES = YES;
				CLANG_WARN_SUSPICIOUS_MOVE = YES;
				CLANG_WARN_UNGUARDED_AVAILABILITY = YES_AGGRESSIVE;
				CLANG_WARN_UNREACHABLE_CODE = YES;
				CLANG_WARN__DUPLICATE_METHOD_MATCH = YES;
				COPY_PHASE_STRIP = NO;
				DEBUG_INFORMATION_FORMAT = "dwarf-with-dsym";
				ENABLE_NS_ASSERTIONS = NO;
				ENABLE_STRICT_OBJC_MSGSEND = YES;
				GCC_C_LANGUAGE_STANDARD = gnu11;
				GCC_NO_COMMON_BLOCKS = YES;
				GCC_WARN_64_TO_32_BIT_CONVERSION = YES;
				GCC_WARN_ABOUT_RETURN_TYPE = YES_ERROR;
				GCC_WARN_UNDECLARED_SELECTOR = YES;
				GCC_WARN_UNINITIALIZED_AUTOS = YES_AGGRESSIVE;
				GCC_WARN_UNUSED_FUNCTION = YES;
				GCC_WARN_UNUSED_VARIABLE = YES;
				MTL_ENABLE_DEBUG_INFO = NO;
				MTL_FAST_MATH = YES;
				SWIFT_COMPILATION_MODE = wholemodule;
				SWIFT_OPTIMIZATION_LEVEL = "-O";
			};
			name = Release;
		};
		34473BE428F33EE800614834 /* Debug */ = {
			isa = XCBuildConfiguration;
			buildSettings = {
				ASSETCATALOG_COMPILER_COMPLICATION_NAME = Complication;
				CLANG_ENABLE_MODULES = YES;
				CODE_SIGN_STYLE = Automatic;
				CURRENT_PROJECT_VERSION = 1;
				DEVELOPMENT_ASSET_PATHS = "\"Base WatchKit Extension/Preview Content\"";
				DEVELOPMENT_TEAM = 77BNMKA2CZ;
				ENABLE_PREVIEWS = YES;
				GENERATE_INFOPLIST_FILE = YES;
				INFOPLIST_FILE = "Base WatchKit Extension/Info.plist";
				INFOPLIST_KEY_CFBundleDisplayName = "Base WatchKit Extension";
				INFOPLIST_KEY_CLKComplicationPrincipalClass = Base_WatchKit_Extension.ComplicationController;
				INFOPLIST_KEY_NSHumanReadableCopyright = "";
				INFOPLIST_KEY_WKRunsIndependentlyOfCompanionApp = YES;
				LD_RUNPATH_SEARCH_PATHS = (
					"$(inherited)",
					"@executable_path/Frameworks",
					"@executable_path/../../Frameworks",
				);
				MARKETING_VERSION = 1.0;
				PRODUCT_BUNDLE_IDENTIFIER = com.LocalGoods.Base.watchkitapp.watchkitextension;
				PRODUCT_NAME = "${TARGET_NAME}";
				SDKROOT = watchos;
				SKIP_INSTALL = YES;
				SWIFT_EMIT_LOC_STRINGS = YES;
				SWIFT_OBJC_BRIDGING_HEADER = "Base WatchKit Extension-Bridging-Header.h";
				SWIFT_OPTIMIZATION_LEVEL = "-Onone";
				SWIFT_VERSION = 5.0;
				TARGETED_DEVICE_FAMILY = 4;
				WATCHOS_DEPLOYMENT_TARGET = 8.5;
			};
			name = Debug;
		};
		34473BE528F33EE800614834 /* Release */ = {
			isa = XCBuildConfiguration;
			buildSettings = {
				ASSETCATALOG_COMPILER_COMPLICATION_NAME = Complication;
				CLANG_ENABLE_MODULES = YES;
				CODE_SIGN_STYLE = Automatic;
				CURRENT_PROJECT_VERSION = 1;
				DEVELOPMENT_ASSET_PATHS = "\"Base WatchKit Extension/Preview Content\"";
				DEVELOPMENT_TEAM = 77BNMKA2CZ;
				ENABLE_PREVIEWS = YES;
				GENERATE_INFOPLIST_FILE = YES;
				INFOPLIST_FILE = "Base WatchKit Extension/Info.plist";
				INFOPLIST_KEY_CFBundleDisplayName = "Base WatchKit Extension";
				INFOPLIST_KEY_CLKComplicationPrincipalClass = Base_WatchKit_Extension.ComplicationController;
				INFOPLIST_KEY_NSHumanReadableCopyright = "";
				INFOPLIST_KEY_WKRunsIndependentlyOfCompanionApp = YES;
				LD_RUNPATH_SEARCH_PATHS = (
					"$(inherited)",
					"@executable_path/Frameworks",
					"@executable_path/../../Frameworks",
				);
				MARKETING_VERSION = 1.0;
				PRODUCT_BUNDLE_IDENTIFIER = com.LocalGoods.Base.watchkitapp.watchkitextension;
				PRODUCT_NAME = "${TARGET_NAME}";
				SDKROOT = watchos;
				SKIP_INSTALL = YES;
				SWIFT_EMIT_LOC_STRINGS = YES;
				SWIFT_OBJC_BRIDGING_HEADER = "Base WatchKit Extension-Bridging-Header.h";
				SWIFT_VERSION = 5.0;
				TARGETED_DEVICE_FAMILY = 4;
				VALIDATE_PRODUCT = YES;
				WATCHOS_DEPLOYMENT_TARGET = 8.5;
			};
			name = Release;
		};
		34473BE828F33EE800614834 /* Debug */ = {
			isa = XCBuildConfiguration;
			buildSettings = {
				ALWAYS_EMBED_SWIFT_STANDARD_LIBRARIES = YES;
				ASSETCATALOG_COMPILER_APPICON_NAME = AppIcon;
				ASSETCATALOG_COMPILER_GLOBAL_ACCENT_COLOR_NAME = AccentColor;
				CODE_SIGN_STYLE = Automatic;
				CURRENT_PROJECT_VERSION = 1;
				DEVELOPMENT_TEAM = 77BNMKA2CZ;
				GENERATE_INFOPLIST_FILE = YES;
				IBSC_MODULE = Base_WatchKit_Extension;
				INFOPLIST_KEY_CFBundleDisplayName = "Base WatchKit App";
				INFOPLIST_KEY_UISupportedInterfaceOrientations = "UIInterfaceOrientationPortrait UIInterfaceOrientationPortraitUpsideDown";
				INFOPLIST_KEY_WKCompanionAppBundleIdentifier = com.LocalGoods.Base;
				MARKETING_VERSION = 1.0;
				PRODUCT_BUNDLE_IDENTIFIER = com.LocalGoods.Base.watchkitapp;
				PRODUCT_NAME = "$(TARGET_NAME)";
				SDKROOT = watchos;
				SKIP_INSTALL = YES;
				SWIFT_EMIT_LOC_STRINGS = YES;
				SWIFT_VERSION = 5.0;
				TARGETED_DEVICE_FAMILY = 4;
				WATCHOS_DEPLOYMENT_TARGET = 8.5;
			};
			name = Debug;
		};
		34473BE928F33EE800614834 /* Release */ = {
			isa = XCBuildConfiguration;
			buildSettings = {
				ALWAYS_EMBED_SWIFT_STANDARD_LIBRARIES = YES;
				ASSETCATALOG_COMPILER_APPICON_NAME = AppIcon;
				ASSETCATALOG_COMPILER_GLOBAL_ACCENT_COLOR_NAME = AccentColor;
				CODE_SIGN_STYLE = Automatic;
				CURRENT_PROJECT_VERSION = 1;
				DEVELOPMENT_TEAM = 77BNMKA2CZ;
				GENERATE_INFOPLIST_FILE = YES;
				IBSC_MODULE = Base_WatchKit_Extension;
				INFOPLIST_KEY_CFBundleDisplayName = "Base WatchKit App";
				INFOPLIST_KEY_UISupportedInterfaceOrientations = "UIInterfaceOrientationPortrait UIInterfaceOrientationPortraitUpsideDown";
				INFOPLIST_KEY_WKCompanionAppBundleIdentifier = com.LocalGoods.Base;
				MARKETING_VERSION = 1.0;
				PRODUCT_BUNDLE_IDENTIFIER = com.LocalGoods.Base.watchkitapp;
				PRODUCT_NAME = "$(TARGET_NAME)";
				SDKROOT = watchos;
				SKIP_INSTALL = YES;
				SWIFT_EMIT_LOC_STRINGS = YES;
				SWIFT_VERSION = 5.0;
				TARGETED_DEVICE_FAMILY = 4;
				VALIDATE_PRODUCT = YES;
				WATCHOS_DEPLOYMENT_TARGET = 8.5;
			};
			name = Release;
		};
		34473BEC28F33EE800614834 /* Debug */ = {
			isa = XCBuildConfiguration;
			buildSettings = {
				ASSETCATALOG_COMPILER_APPICON_NAME = AppIcon;
				ASSETCATALOG_COMPILER_GLOBAL_ACCENT_COLOR_NAME = AccentColor;
				CLANG_ENABLE_MODULES = YES;
				CODE_SIGN_STYLE = Automatic;
				CURRENT_PROJECT_VERSION = 1;
				DEVELOPMENT_ASSET_PATHS = "\"Base/Preview Content\"";
				DEVELOPMENT_TEAM = 77BNMKA2CZ;
				ENABLE_PREVIEWS = YES;
				GENERATE_INFOPLIST_FILE = YES;
				INFOPLIST_KEY_UIApplicationSceneManifest_Generation = YES;
				INFOPLIST_KEY_UIApplicationSupportsIndirectInputEvents = YES;
				INFOPLIST_KEY_UILaunchScreen_Generation = YES;
				INFOPLIST_KEY_UISupportedInterfaceOrientations_iPad = "UIInterfaceOrientationPortrait UIInterfaceOrientationPortraitUpsideDown UIInterfaceOrientationLandscapeLeft UIInterfaceOrientationLandscapeRight";
				INFOPLIST_KEY_UISupportedInterfaceOrientations_iPhone = "UIInterfaceOrientationPortrait UIInterfaceOrientationLandscapeLeft UIInterfaceOrientationLandscapeRight";
				IPHONEOS_DEPLOYMENT_TARGET = 15.5;
				LD_RUNPATH_SEARCH_PATHS = (
					"$(inherited)",
					"@executable_path/Frameworks",
				);
				MARKETING_VERSION = 1.0;
				PRODUCT_BUNDLE_IDENTIFIER = com.LocalGoods.Base;
				PRODUCT_NAME = "$(TARGET_NAME)";
				SDKROOT = iphoneos;
				SWIFT_EMIT_LOC_STRINGS = YES;
				SWIFT_OBJC_BRIDGING_HEADER = "Base-Bridging-Header.h";
				SWIFT_OPTIMIZATION_LEVEL = "-Onone";
				SWIFT_VERSION = 5.0;
				TARGETED_DEVICE_FAMILY = "1,2";
			};
			name = Debug;
		};
		34473BED28F33EE800614834 /* Release */ = {
			isa = XCBuildConfiguration;
			buildSettings = {
				ASSETCATALOG_COMPILER_APPICON_NAME = AppIcon;
				ASSETCATALOG_COMPILER_GLOBAL_ACCENT_COLOR_NAME = AccentColor;
				CLANG_ENABLE_MODULES = YES;
				CODE_SIGN_STYLE = Automatic;
				CURRENT_PROJECT_VERSION = 1;
				DEVELOPMENT_ASSET_PATHS = "\"Base/Preview Content\"";
				DEVELOPMENT_TEAM = 77BNMKA2CZ;
				ENABLE_PREVIEWS = YES;
				GENERATE_INFOPLIST_FILE = YES;
				INFOPLIST_KEY_UIApplicationSceneManifest_Generation = YES;
				INFOPLIST_KEY_UIApplicationSupportsIndirectInputEvents = YES;
				INFOPLIST_KEY_UILaunchScreen_Generation = YES;
				INFOPLIST_KEY_UISupportedInterfaceOrientations_iPad = "UIInterfaceOrientationPortrait UIInterfaceOrientationPortraitUpsideDown UIInterfaceOrientationLandscapeLeft UIInterfaceOrientationLandscapeRight";
				INFOPLIST_KEY_UISupportedInterfaceOrientations_iPhone = "UIInterfaceOrientationPortrait UIInterfaceOrientationLandscapeLeft UIInterfaceOrientationLandscapeRight";
				IPHONEOS_DEPLOYMENT_TARGET = 15.5;
				LD_RUNPATH_SEARCH_PATHS = (
					"$(inherited)",
					"@executable_path/Frameworks",
				);
				MARKETING_VERSION = 1.0;
				PRODUCT_BUNDLE_IDENTIFIER = com.LocalGoods.Base;
				PRODUCT_NAME = "$(TARGET_NAME)";
				SDKROOT = iphoneos;
				SWIFT_EMIT_LOC_STRINGS = YES;
				SWIFT_OBJC_BRIDGING_HEADER = "Base-Bridging-Header.h";
				SWIFT_VERSION = 5.0;
				TARGETED_DEVICE_FAMILY = "1,2";
				VALIDATE_PRODUCT = YES;
			};
			name = Release;
		};
		34473BEF28F33EE800614834 /* Debug */ = {
			isa = XCBuildConfiguration;
			buildSettings = {
				ALWAYS_EMBED_SWIFT_STANDARD_LIBRARIES = YES;
				BUNDLE_LOADER = "$(TEST_HOST)";
				CODE_SIGN_STYLE = Automatic;
				CURRENT_PROJECT_VERSION = 1;
				DEVELOPMENT_TEAM = 77BNMKA2CZ;
				GENERATE_INFOPLIST_FILE = YES;
				IPHONEOS_DEPLOYMENT_TARGET = 15.5;
				MARKETING_VERSION = 1.0;
				PRODUCT_BUNDLE_IDENTIFIER = com.LocalGoods.BaseTests;
				PRODUCT_NAME = "$(TARGET_NAME)";
				SDKROOT = iphoneos;
				SWIFT_EMIT_LOC_STRINGS = NO;
				SWIFT_VERSION = 5.0;
				TARGETED_DEVICE_FAMILY = "1,2";
				TEST_HOST = "$(BUILT_PRODUCTS_DIR)/Base.app/Base";
			};
			name = Debug;
		};
		34473BF028F33EE800614834 /* Release */ = {
			isa = XCBuildConfiguration;
			buildSettings = {
				ALWAYS_EMBED_SWIFT_STANDARD_LIBRARIES = YES;
				BUNDLE_LOADER = "$(TEST_HOST)";
				CODE_SIGN_STYLE = Automatic;
				CURRENT_PROJECT_VERSION = 1;
				DEVELOPMENT_TEAM = 77BNMKA2CZ;
				GENERATE_INFOPLIST_FILE = YES;
				IPHONEOS_DEPLOYMENT_TARGET = 15.5;
				MARKETING_VERSION = 1.0;
				PRODUCT_BUNDLE_IDENTIFIER = com.LocalGoods.BaseTests;
				PRODUCT_NAME = "$(TARGET_NAME)";
				SDKROOT = iphoneos;
				SWIFT_EMIT_LOC_STRINGS = NO;
				SWIFT_VERSION = 5.0;
				TARGETED_DEVICE_FAMILY = "1,2";
				TEST_HOST = "$(BUILT_PRODUCTS_DIR)/Base.app/Base";
				VALIDATE_PRODUCT = YES;
			};
			name = Release;
		};
		34473BF228F33EE800614834 /* Debug */ = {
			isa = XCBuildConfiguration;
			buildSettings = {
				ALWAYS_EMBED_SWIFT_STANDARD_LIBRARIES = YES;
				CODE_SIGN_STYLE = Automatic;
				CURRENT_PROJECT_VERSION = 1;
				DEVELOPMENT_TEAM = 77BNMKA2CZ;
				GENERATE_INFOPLIST_FILE = YES;
				IPHONEOS_DEPLOYMENT_TARGET = 15.5;
				MARKETING_VERSION = 1.0;
				PRODUCT_BUNDLE_IDENTIFIER = com.LocalGoods.BaseUITests;
				PRODUCT_NAME = "$(TARGET_NAME)";
				SDKROOT = iphoneos;
				SWIFT_EMIT_LOC_STRINGS = NO;
				SWIFT_VERSION = 5.0;
				TARGETED_DEVICE_FAMILY = "1,2";
				TEST_TARGET_NAME = Base;
			};
			name = Debug;
		};
		34473BF328F33EE800614834 /* Release */ = {
			isa = XCBuildConfiguration;
			buildSettings = {
				ALWAYS_EMBED_SWIFT_STANDARD_LIBRARIES = YES;
				CODE_SIGN_STYLE = Automatic;
				CURRENT_PROJECT_VERSION = 1;
				DEVELOPMENT_TEAM = 77BNMKA2CZ;
				GENERATE_INFOPLIST_FILE = YES;
				IPHONEOS_DEPLOYMENT_TARGET = 15.5;
				MARKETING_VERSION = 1.0;
				PRODUCT_BUNDLE_IDENTIFIER = com.LocalGoods.BaseUITests;
				PRODUCT_NAME = "$(TARGET_NAME)";
				SDKROOT = iphoneos;
				SWIFT_EMIT_LOC_STRINGS = NO;
				SWIFT_VERSION = 5.0;
				TARGETED_DEVICE_FAMILY = "1,2";
				TEST_TARGET_NAME = Base;
				VALIDATE_PRODUCT = YES;
			};
			name = Release;
		};
		34473BF528F33EE800614834 /* Debug */ = {
			isa = XCBuildConfiguration;
			buildSettings = {
				ALWAYS_EMBED_SWIFT_STANDARD_LIBRARIES = YES;
				BUNDLE_LOADER = "$(TEST_HOST)";
				CODE_SIGN_STYLE = Automatic;
				CURRENT_PROJECT_VERSION = 1;
				DEVELOPMENT_TEAM = 77BNMKA2CZ;
				GENERATE_INFOPLIST_FILE = YES;
				MARKETING_VERSION = 1.0;
				PRODUCT_BUNDLE_IDENTIFIER = "com.LocalGoods.Base-WatchKit-AppTests";
				PRODUCT_NAME = "$(TARGET_NAME)";
				SDKROOT = watchos;
				SWIFT_EMIT_LOC_STRINGS = NO;
				SWIFT_VERSION = 5.0;
				TARGETED_DEVICE_FAMILY = 4;
				TEST_HOST = "$(BUILT_PRODUCTS_DIR)/Base WatchKit Extension.appex/Base WatchKit Extension";
				WATCHOS_DEPLOYMENT_TARGET = 8.5;
			};
			name = Debug;
		};
		34473BF628F33EE800614834 /* Release */ = {
			isa = XCBuildConfiguration;
			buildSettings = {
				ALWAYS_EMBED_SWIFT_STANDARD_LIBRARIES = YES;
				BUNDLE_LOADER = "$(TEST_HOST)";
				CODE_SIGN_STYLE = Automatic;
				CURRENT_PROJECT_VERSION = 1;
				DEVELOPMENT_TEAM = 77BNMKA2CZ;
				GENERATE_INFOPLIST_FILE = YES;
				MARKETING_VERSION = 1.0;
				PRODUCT_BUNDLE_IDENTIFIER = "com.LocalGoods.Base-WatchKit-AppTests";
				PRODUCT_NAME = "$(TARGET_NAME)";
				SDKROOT = watchos;
				SWIFT_EMIT_LOC_STRINGS = NO;
				SWIFT_VERSION = 5.0;
				TARGETED_DEVICE_FAMILY = 4;
				TEST_HOST = "$(BUILT_PRODUCTS_DIR)/Base WatchKit Extension.appex/Base WatchKit Extension";
				VALIDATE_PRODUCT = YES;
				WATCHOS_DEPLOYMENT_TARGET = 8.5;
			};
			name = Release;
		};
		34473BF828F33EE800614834 /* Debug */ = {
			isa = XCBuildConfiguration;
			buildSettings = {
				CODE_SIGN_STYLE = Automatic;
				CURRENT_PROJECT_VERSION = 1;
				DEVELOPMENT_TEAM = 77BNMKA2CZ;
				GENERATE_INFOPLIST_FILE = YES;
				MARKETING_VERSION = 1.0;
				PRODUCT_BUNDLE_IDENTIFIER = "com.LocalGoods.Base-WatchKit-AppUITests";
				PRODUCT_NAME = "$(TARGET_NAME)";
				SDKROOT = watchos;
				SWIFT_EMIT_LOC_STRINGS = NO;
				SWIFT_VERSION = 5.0;
				TARGETED_DEVICE_FAMILY = 4;
				TEST_TARGET_NAME = "Base WatchKit App";
				WATCHOS_DEPLOYMENT_TARGET = 8.5;
			};
			name = Debug;
		};
		34473BF928F33EE800614834 /* Release */ = {
			isa = XCBuildConfiguration;
			buildSettings = {
				CODE_SIGN_STYLE = Automatic;
				CURRENT_PROJECT_VERSION = 1;
				DEVELOPMENT_TEAM = 77BNMKA2CZ;
				GENERATE_INFOPLIST_FILE = YES;
				MARKETING_VERSION = 1.0;
				PRODUCT_BUNDLE_IDENTIFIER = "com.LocalGoods.Base-WatchKit-AppUITests";
				PRODUCT_NAME = "$(TARGET_NAME)";
				SDKROOT = watchos;
				SWIFT_EMIT_LOC_STRINGS = NO;
				SWIFT_VERSION = 5.0;
				TARGETED_DEVICE_FAMILY = 4;
				TEST_TARGET_NAME = "Base WatchKit App";
				VALIDATE_PRODUCT = YES;
				WATCHOS_DEPLOYMENT_TARGET = 8.5;
			};
			name = Release;
		};
/* End XCBuildConfiguration section */

/* Begin XCConfigurationList section */
		34473B8128F33EE600614834 /* Build configuration list for PBXProject "Base" */ = {
			isa = XCConfigurationList;
			buildConfigurations = (
				34473BE128F33EE800614834 /* Debug */,
				34473BE228F33EE800614834 /* Release */,
			);
			defaultConfigurationIsVisible = 0;
			defaultConfigurationName = Release;
		};
		34473BE328F33EE800614834 /* Build configuration list for PBXNativeTarget "Base WatchKit Extension" */ = {
			isa = XCConfigurationList;
			buildConfigurations = (
				34473BE428F33EE800614834 /* Debug */,
				34473BE528F33EE800614834 /* Release */,
			);
			defaultConfigurationIsVisible = 0;
			defaultConfigurationName = Release;
		};
		34473BE728F33EE800614834 /* Build configuration list for PBXNativeTarget "Base WatchKit App" */ = {
			isa = XCConfigurationList;
			buildConfigurations = (
				34473BE828F33EE800614834 /* Debug */,
				34473BE928F33EE800614834 /* Release */,
			);
			defaultConfigurationIsVisible = 0;
			defaultConfigurationName = Release;
		};
		34473BEB28F33EE800614834 /* Build configuration list for PBXNativeTarget "Base" */ = {
			isa = XCConfigurationList;
			buildConfigurations = (
				34473BEC28F33EE800614834 /* Debug */,
				34473BED28F33EE800614834 /* Release */,
			);
			defaultConfigurationIsVisible = 0;
			defaultConfigurationName = Release;
		};
		34473BEE28F33EE800614834 /* Build configuration list for PBXNativeTarget "BaseTests" */ = {
			isa = XCConfigurationList;
			buildConfigurations = (
				34473BEF28F33EE800614834 /* Debug */,
				34473BF028F33EE800614834 /* Release */,
			);
			defaultConfigurationIsVisible = 0;
			defaultConfigurationName = Release;
		};
		34473BF128F33EE800614834 /* Build configuration list for PBXNativeTarget "BaseUITests" */ = {
			isa = XCConfigurationList;
			buildConfigurations = (
				34473BF228F33EE800614834 /* Debug */,
				34473BF328F33EE800614834 /* Release */,
			);
			defaultConfigurationIsVisible = 0;
			defaultConfigurationName = Release;
		};
		34473BF428F33EE800614834 /* Build configuration list for PBXNativeTarget "Base WatchKit AppTests" */ = {
			isa = XCConfigurationList;
			buildConfigurations = (
				34473BF528F33EE800614834 /* Debug */,
				34473BF628F33EE800614834 /* Release */,
			);
			defaultConfigurationIsVisible = 0;
			defaultConfigurationName = Release;
		};
		34473BF728F33EE800614834 /* Build configuration list for PBXNativeTarget "Base WatchKit AppUITests" */ = {
			isa = XCConfigurationList;
			buildConfigurations = (
				34473BF828F33EE800614834 /* Debug */,
				34473BF928F33EE800614834 /* Release */,
			);
			defaultConfigurationIsVisible = 0;
			defaultConfigurationName = Release;
		};
/* End XCConfigurationList section */
	};
	rootObject = 34473B7E28F33EE600614834 /* Project object */;
}
