// !$*UTF8*$!
{
	archiveVersion = 1;
	classes = {
	};
	objectVersion = 55;
	objects = {

/* Begin PBXBuildFile section */
		345CF35E290C494A00A7BBD7 /* ContentView.swift in Sources */ = {isa = PBXBuildFile; fileRef = 345CF35D290C494A00A7BBD7 /* ContentView.swift */; };
		345CF360290C494B00A7BBD7 /* Assets.xcassets in Resources */ = {isa = PBXBuildFile; fileRef = 345CF35F290C494B00A7BBD7 /* Assets.xcassets */; };
		345CF363290C494B00A7BBD7 /* Preview Assets.xcassets in Resources */ = {isa = PBXBuildFile; fileRef = 345CF362290C494B00A7BBD7 /* Preview Assets.xcassets */; };
		345CF36D290C494B00A7BBD7 /* BaseTests.swift in Sources */ = {isa = PBXBuildFile; fileRef = 345CF36C290C494B00A7BBD7 /* BaseTests.swift */; };
		345CF377290C494B00A7BBD7 /* BaseUITests.swift in Sources */ = {isa = PBXBuildFile; fileRef = 345CF376290C494B00A7BBD7 /* BaseUITests.swift */; };
		345CF379290C494B00A7BBD7 /* BaseUITestsLaunchTests.swift in Sources */ = {isa = PBXBuildFile; fileRef = 345CF378290C494B00A7BBD7 /* BaseUITestsLaunchTests.swift */; };
		345CF37D290C494B00A7BBD7 /* Base WatchKit App.app in Embed Watch Content */ = {isa = PBXBuildFile; fileRef = 345CF37C290C494B00A7BBD7 /* Base WatchKit App.app */; settings = {ATTRIBUTES = (RemoveHeadersOnCopy, ); }; };
		345CF382290C494C00A7BBD7 /* Assets.xcassets in Resources */ = {isa = PBXBuildFile; fileRef = 345CF381290C494C00A7BBD7 /* Assets.xcassets */; };
		345CF388290C494C00A7BBD7 /* Base WatchKit Extension.appex in Embed App Extensions */ = {isa = PBXBuildFile; fileRef = 345CF387290C494C00A7BBD7 /* Base WatchKit Extension.appex */; settings = {ATTRIBUTES = (RemoveHeadersOnCopy, ); }; };
		345CF38F290C494C00A7BBD7 /* ContentView.swift in Sources */ = {isa = PBXBuildFile; fileRef = 345CF38E290C494C00A7BBD7 /* ContentView.swift */; };
		345CF391290C494C00A7BBD7 /* NotificationController.swift in Sources */ = {isa = PBXBuildFile; fileRef = 345CF390290C494C00A7BBD7 /* NotificationController.swift */; };
		345CF393290C494C00A7BBD7 /* NotificationView.swift in Sources */ = {isa = PBXBuildFile; fileRef = 345CF392290C494C00A7BBD7 /* NotificationView.swift */; };
		345CF395290C494C00A7BBD7 /* ComplicationController.swift in Sources */ = {isa = PBXBuildFile; fileRef = 345CF394290C494C00A7BBD7 /* ComplicationController.swift */; };
		345CF397290C494C00A7BBD7 /* Assets.xcassets in Resources */ = {isa = PBXBuildFile; fileRef = 345CF396290C494C00A7BBD7 /* Assets.xcassets */; };
		345CF39A290C494C00A7BBD7 /* Preview Assets.xcassets in Resources */ = {isa = PBXBuildFile; fileRef = 345CF399290C494C00A7BBD7 /* Preview Assets.xcassets */; };
		345CF3A6290C494C00A7BBD7 /* Base_WatchKit_AppTests.swift in Sources */ = {isa = PBXBuildFile; fileRef = 345CF3A5290C494C00A7BBD7 /* Base_WatchKit_AppTests.swift */; };
		345CF3B0290C494C00A7BBD7 /* Base_WatchKit_AppUITests.swift in Sources */ = {isa = PBXBuildFile; fileRef = 345CF3AF290C494C00A7BBD7 /* Base_WatchKit_AppUITests.swift */; };
		345CF3B2290C494C00A7BBD7 /* Base_WatchKit_AppUITestsLaunchTests.swift in Sources */ = {isa = PBXBuildFile; fileRef = 345CF3B1290C494C00A7BBD7 /* Base_WatchKit_AppUITestsLaunchTests.swift */; };
		345CF408290C4B7600A7BBD7 /* ConnectivityProvider.swift in Sources */ = {isa = PBXBuildFile; fileRef = 345CF3FC290C4B7600A7BBD7 /* ConnectivityProvider.swift */; };
		345CF409290C4B7600A7BBD7 /* ConnectivityProvider.swift in Sources */ = {isa = PBXBuildFile; fileRef = 345CF3FC290C4B7600A7BBD7 /* ConnectivityProvider.swift */; };
		345CF40A290C4B7600A7BBD7 /* HeartModel.swift in Sources */ = {isa = PBXBuildFile; fileRef = 345CF3FE290C4B7600A7BBD7 /* HeartModel.swift */; };
		345CF40B290C4B7600A7BBD7 /* HeartModel.swift in Sources */ = {isa = PBXBuildFile; fileRef = 345CF3FE290C4B7600A7BBD7 /* HeartModel.swift */; };
		345CF40C290C4B7600A7BBD7 /* DetrendedFluctuation.cpp in Sources */ = {isa = PBXBuildFile; fileRef = 345CF400290C4B7600A7BBD7 /* DetrendedFluctuation.cpp */; };
		345CF40D290C4B7600A7BBD7 /* DetrendedFluctuation.cpp in Sources */ = {isa = PBXBuildFile; fileRef = 345CF400290C4B7600A7BBD7 /* DetrendedFluctuation.cpp */; };
		345CF40E290C4B7600A7BBD7 /* HeartView.swift in Sources */ = {isa = PBXBuildFile; fileRef = 345CF403290C4B7600A7BBD7 /* HeartView.swift */; };
		345CF40F290C4B7600A7BBD7 /* HeartView.swift in Sources */ = {isa = PBXBuildFile; fileRef = 345CF403290C4B7600A7BBD7 /* HeartView.swift */; };
		345CF478290C50EB00A7BBD7 /* DetrendedFluctuationWrapper.mm in Sources */ = {isa = PBXBuildFile; fileRef = 345CF477290C50EB00A7BBD7 /* DetrendedFluctuationWrapper.mm */; };
		345CF479290C50EB00A7BBD7 /* DetrendedFluctuationWrapper.mm in Sources */ = {isa = PBXBuildFile; fileRef = 345CF477290C50EB00A7BBD7 /* DetrendedFluctuationWrapper.mm */; };
		345CF47B290C52B300A7BBD7 /* BaseApp.swift in Sources */ = {isa = PBXBuildFile; fileRef = 345CF47A290C52B300A7BBD7 /* BaseApp.swift */; };
		345CF47E290C52F600A7BBD7 /* BaseApp.swift in Sources */ = {isa = PBXBuildFile; fileRef = 345CF47D290C52F600A7BBD7 /* BaseApp.swift */; };
		345CF480290C53C000A7BBD7 /* HeartProvider.swift in Sources */ = {isa = PBXBuildFile; fileRef = 345CF47F290C53C000A7BBD7 /* HeartProvider.swift */; };
		345CF481290C53C000A7BBD7 /* HeartProvider.swift in Sources */ = {isa = PBXBuildFile; fileRef = 345CF47F290C53C000A7BBD7 /* HeartProvider.swift */; };
/* End PBXBuildFile section */

/* Begin PBXContainerItemProxy section */
		345CF369290C494B00A7BBD7 /* PBXContainerItemProxy */ = {
			isa = PBXContainerItemProxy;
			containerPortal = 345CF350290C494A00A7BBD7 /* Project object */;
			proxyType = 1;
			remoteGlobalIDString = 345CF357290C494A00A7BBD7;
			remoteInfo = Base;
		};
		345CF373290C494B00A7BBD7 /* PBXContainerItemProxy */ = {
			isa = PBXContainerItemProxy;
			containerPortal = 345CF350290C494A00A7BBD7 /* Project object */;
			proxyType = 1;
			remoteGlobalIDString = 345CF357290C494A00A7BBD7;
			remoteInfo = Base;
		};
		345CF37E290C494B00A7BBD7 /* PBXContainerItemProxy */ = {
			isa = PBXContainerItemProxy;
			containerPortal = 345CF350290C494A00A7BBD7 /* Project object */;
			proxyType = 1;
			remoteGlobalIDString = 345CF37B290C494B00A7BBD7;
			remoteInfo = "Base WatchKit App";
		};
		345CF389290C494C00A7BBD7 /* PBXContainerItemProxy */ = {
			isa = PBXContainerItemProxy;
			containerPortal = 345CF350290C494A00A7BBD7 /* Project object */;
			proxyType = 1;
			remoteGlobalIDString = 345CF386290C494C00A7BBD7;
			remoteInfo = "Base WatchKit Extension";
		};
		345CF3A2290C494C00A7BBD7 /* PBXContainerItemProxy */ = {
			isa = PBXContainerItemProxy;
			containerPortal = 345CF350290C494A00A7BBD7 /* Project object */;
			proxyType = 1;
			remoteGlobalIDString = 345CF386290C494C00A7BBD7;
			remoteInfo = "Base WatchKit Extension";
		};
		345CF3AC290C494C00A7BBD7 /* PBXContainerItemProxy */ = {
			isa = PBXContainerItemProxy;
			containerPortal = 345CF350290C494A00A7BBD7 /* Project object */;
			proxyType = 1;
			remoteGlobalIDString = 345CF37B290C494B00A7BBD7;
			remoteInfo = "Base WatchKit App";
		};
/* End PBXContainerItemProxy section */

/* Begin PBXCopyFilesBuildPhase section */
		345CF3B8290C494C00A7BBD7 /* Embed App Extensions */ = {
			isa = PBXCopyFilesBuildPhase;
			buildActionMask = 2147483647;
			dstPath = "";
			dstSubfolderSpec = 13;
			files = (
				345CF388290C494C00A7BBD7 /* Base WatchKit Extension.appex in Embed App Extensions */,
			);
			name = "Embed App Extensions";
			runOnlyForDeploymentPostprocessing = 0;
		};
		345CF3BC290C494C00A7BBD7 /* Embed Watch Content */ = {
			isa = PBXCopyFilesBuildPhase;
			buildActionMask = 2147483647;
			dstPath = "$(CONTENTS_FOLDER_PATH)/Watch";
			dstSubfolderSpec = 16;
			files = (
				345CF37D290C494B00A7BBD7 /* Base WatchKit App.app in Embed Watch Content */,
			);
			name = "Embed Watch Content";
			runOnlyForDeploymentPostprocessing = 0;
		};
/* End PBXCopyFilesBuildPhase section */

/* Begin PBXFileReference section */
		345CF358290C494A00A7BBD7 /* Base.app */ = {isa = PBXFileReference; explicitFileType = wrapper.application; includeInIndex = 0; path = Base.app; sourceTree = BUILT_PRODUCTS_DIR; };
		345CF35D290C494A00A7BBD7 /* ContentView.swift */ = {isa = PBXFileReference; lastKnownFileType = sourcecode.swift; path = ContentView.swift; sourceTree = "<group>"; };
		345CF35F290C494B00A7BBD7 /* Assets.xcassets */ = {isa = PBXFileReference; lastKnownFileType = folder.assetcatalog; path = Assets.xcassets; sourceTree = "<group>"; };
		345CF362290C494B00A7BBD7 /* Preview Assets.xcassets */ = {isa = PBXFileReference; lastKnownFileType = folder.assetcatalog; path = "Preview Assets.xcassets"; sourceTree = "<group>"; };
		345CF368290C494B00A7BBD7 /* BaseTests.xctest */ = {isa = PBXFileReference; explicitFileType = wrapper.cfbundle; includeInIndex = 0; path = BaseTests.xctest; sourceTree = BUILT_PRODUCTS_DIR; };
		345CF36C290C494B00A7BBD7 /* BaseTests.swift */ = {isa = PBXFileReference; lastKnownFileType = sourcecode.swift; path = BaseTests.swift; sourceTree = "<group>"; };
		345CF372290C494B00A7BBD7 /* BaseUITests.xctest */ = {isa = PBXFileReference; explicitFileType = wrapper.cfbundle; includeInIndex = 0; path = BaseUITests.xctest; sourceTree = BUILT_PRODUCTS_DIR; };
		345CF376290C494B00A7BBD7 /* BaseUITests.swift */ = {isa = PBXFileReference; lastKnownFileType = sourcecode.swift; path = BaseUITests.swift; sourceTree = "<group>"; };
		345CF378290C494B00A7BBD7 /* BaseUITestsLaunchTests.swift */ = {isa = PBXFileReference; lastKnownFileType = sourcecode.swift; path = BaseUITestsLaunchTests.swift; sourceTree = "<group>"; };
		345CF37C290C494B00A7BBD7 /* Base WatchKit App.app */ = {isa = PBXFileReference; explicitFileType = wrapper.application; includeInIndex = 0; path = "Base WatchKit App.app"; sourceTree = BUILT_PRODUCTS_DIR; };
		345CF381290C494C00A7BBD7 /* Assets.xcassets */ = {isa = PBXFileReference; lastKnownFileType = folder.assetcatalog; path = Assets.xcassets; sourceTree = "<group>"; };
		345CF387290C494C00A7BBD7 /* Base WatchKit Extension.appex */ = {isa = PBXFileReference; explicitFileType = "wrapper.app-extension"; includeInIndex = 0; path = "Base WatchKit Extension.appex"; sourceTree = BUILT_PRODUCTS_DIR; };
		345CF38E290C494C00A7BBD7 /* ContentView.swift */ = {isa = PBXFileReference; lastKnownFileType = sourcecode.swift; path = ContentView.swift; sourceTree = "<group>"; };
		345CF390290C494C00A7BBD7 /* NotificationController.swift */ = {isa = PBXFileReference; lastKnownFileType = sourcecode.swift; path = NotificationController.swift; sourceTree = "<group>"; };
		345CF392290C494C00A7BBD7 /* NotificationView.swift */ = {isa = PBXFileReference; lastKnownFileType = sourcecode.swift; path = NotificationView.swift; sourceTree = "<group>"; };
		345CF394290C494C00A7BBD7 /* ComplicationController.swift */ = {isa = PBXFileReference; lastKnownFileType = sourcecode.swift; path = ComplicationController.swift; sourceTree = "<group>"; };
		345CF396290C494C00A7BBD7 /* Assets.xcassets */ = {isa = PBXFileReference; lastKnownFileType = folder.assetcatalog; path = Assets.xcassets; sourceTree = "<group>"; };
		345CF399290C494C00A7BBD7 /* Preview Assets.xcassets */ = {isa = PBXFileReference; lastKnownFileType = folder.assetcatalog; path = "Preview Assets.xcassets"; sourceTree = "<group>"; };
		345CF39B290C494C00A7BBD7 /* Info.plist */ = {isa = PBXFileReference; lastKnownFileType = text.plist.xml; path = Info.plist; sourceTree = "<group>"; };
		345CF39C290C494C00A7BBD7 /* PushNotificationPayload.apns */ = {isa = PBXFileReference; lastKnownFileType = text; path = PushNotificationPayload.apns; sourceTree = "<group>"; };
		345CF3A1290C494C00A7BBD7 /* Base WatchKit AppTests.xctest */ = {isa = PBXFileReference; explicitFileType = wrapper.cfbundle; includeInIndex = 0; path = "Base WatchKit AppTests.xctest"; sourceTree = BUILT_PRODUCTS_DIR; };
		345CF3A5290C494C00A7BBD7 /* Base_WatchKit_AppTests.swift */ = {isa = PBXFileReference; lastKnownFileType = sourcecode.swift; path = Base_WatchKit_AppTests.swift; sourceTree = "<group>"; };
		345CF3AB290C494C00A7BBD7 /* Base WatchKit AppUITests.xctest */ = {isa = PBXFileReference; explicitFileType = wrapper.cfbundle; includeInIndex = 0; path = "Base WatchKit AppUITests.xctest"; sourceTree = BUILT_PRODUCTS_DIR; };
		345CF3AF290C494C00A7BBD7 /* Base_WatchKit_AppUITests.swift */ = {isa = PBXFileReference; lastKnownFileType = sourcecode.swift; path = Base_WatchKit_AppUITests.swift; sourceTree = "<group>"; };
		345CF3B1290C494C00A7BBD7 /* Base_WatchKit_AppUITestsLaunchTests.swift */ = {isa = PBXFileReference; lastKnownFileType = sourcecode.swift; path = Base_WatchKit_AppUITestsLaunchTests.swift; sourceTree = "<group>"; };
		345CF3F8290C4B7600A7BBD7 /* DetrendedFluctuationWrapper.h */ = {isa = PBXFileReference; fileEncoding = 4; lastKnownFileType = sourcecode.c.h; path = DetrendedFluctuationWrapper.h; sourceTree = "<group>"; };
		345CF3FC290C4B7600A7BBD7 /* ConnectivityProvider.swift */ = {isa = PBXFileReference; fileEncoding = 4; lastKnownFileType = sourcecode.swift; path = ConnectivityProvider.swift; sourceTree = "<group>"; };
		345CF3FE290C4B7600A7BBD7 /* HeartModel.swift */ = {isa = PBXFileReference; fileEncoding = 4; lastKnownFileType = sourcecode.swift; path = HeartModel.swift; sourceTree = "<group>"; };
		345CF400290C4B7600A7BBD7 /* DetrendedFluctuation.cpp */ = {isa = PBXFileReference; fileEncoding = 4; lastKnownFileType = sourcecode.cpp.cpp; path = DetrendedFluctuation.cpp; sourceTree = "<group>"; };
		345CF401290C4B7600A7BBD7 /* DetrendedFluctuation.hpp */ = {isa = PBXFileReference; fileEncoding = 4; lastKnownFileType = sourcecode.cpp.h; path = DetrendedFluctuation.hpp; sourceTree = "<group>"; };
		345CF403290C4B7600A7BBD7 /* HeartView.swift */ = {isa = PBXFileReference; fileEncoding = 4; lastKnownFileType = sourcecode.swift; path = HeartView.swift; sourceTree = "<group>"; };
		345CF477290C50EB00A7BBD7 /* DetrendedFluctuationWrapper.mm */ = {isa = PBXFileReference; lastKnownFileType = sourcecode.cpp.objcpp; path = DetrendedFluctuationWrapper.mm; sourceTree = "<group>"; };
		345CF47A290C52B300A7BBD7 /* BaseApp.swift */ = {isa = PBXFileReference; lastKnownFileType = sourcecode.swift; path = BaseApp.swift; sourceTree = "<group>"; };
		345CF47D290C52F600A7BBD7 /* BaseApp.swift */ = {isa = PBXFileReference; lastKnownFileType = sourcecode.swift; path = BaseApp.swift; sourceTree = "<group>"; };
		345CF47F290C53C000A7BBD7 /* HeartProvider.swift */ = {isa = PBXFileReference; lastKnownFileType = sourcecode.swift; path = HeartProvider.swift; sourceTree = "<group>"; };
		345CF482290C558500A7BBD7 /* Base-Bridging-Header.h */ = {isa = PBXFileReference; lastKnownFileType = sourcecode.c.h; path = "Base-Bridging-Header.h"; sourceTree = "<group>"; };
		345CF484290C5A1D00A7BBD7 /* Base WatchKit Extension-Bridging-Header.h */ = {isa = PBXFileReference; lastKnownFileType = sourcecode.c.h; path = "Base WatchKit Extension-Bridging-Header.h"; sourceTree = "<group>"; };
/* End PBXFileReference section */

/* Begin PBXFrameworksBuildPhase section */
		345CF355290C494A00A7BBD7 /* Frameworks */ = {
			isa = PBXFrameworksBuildPhase;
			buildActionMask = 2147483647;
			files = (
			);
			runOnlyForDeploymentPostprocessing = 0;
		};
		345CF365290C494B00A7BBD7 /* Frameworks */ = {
			isa = PBXFrameworksBuildPhase;
			buildActionMask = 2147483647;
			files = (
			);
			runOnlyForDeploymentPostprocessing = 0;
		};
		345CF36F290C494B00A7BBD7 /* Frameworks */ = {
			isa = PBXFrameworksBuildPhase;
			buildActionMask = 2147483647;
			files = (
			);
			runOnlyForDeploymentPostprocessing = 0;
		};
		345CF384290C494C00A7BBD7 /* Frameworks */ = {
			isa = PBXFrameworksBuildPhase;
			buildActionMask = 2147483647;
			files = (
			);
			runOnlyForDeploymentPostprocessing = 0;
		};
		345CF39E290C494C00A7BBD7 /* Frameworks */ = {
			isa = PBXFrameworksBuildPhase;
			buildActionMask = 2147483647;
			files = (
			);
			runOnlyForDeploymentPostprocessing = 0;
		};
		345CF3A8290C494C00A7BBD7 /* Frameworks */ = {
			isa = PBXFrameworksBuildPhase;
			buildActionMask = 2147483647;
			files = (
			);
			runOnlyForDeploymentPostprocessing = 0;
		};
/* End PBXFrameworksBuildPhase section */

/* Begin PBXGroup section */
		345CF34F290C494A00A7BBD7 = {
			isa = PBXGroup;
			children = (
				345CF482290C558500A7BBD7 /* Base-Bridging-Header.h */,
				345CF484290C5A1D00A7BBD7 /* Base WatchKit Extension-Bridging-Header.h */,
				345CF3F6290C4B7600A7BBD7 /* Shared */,
				345CF35A290C494A00A7BBD7 /* Base */,
				345CF36B290C494B00A7BBD7 /* BaseTests */,
				345CF375290C494B00A7BBD7 /* BaseUITests */,
				345CF380290C494B00A7BBD7 /* Base WatchKit App */,
				345CF38B290C494C00A7BBD7 /* Base WatchKit Extension */,
				345CF3A4290C494C00A7BBD7 /* Base WatchKit AppTests */,
				345CF3AE290C494C00A7BBD7 /* Base WatchKit AppUITests */,
				345CF359290C494A00A7BBD7 /* Products */,
			);
			sourceTree = "<group>";
		};
		345CF359290C494A00A7BBD7 /* Products */ = {
			isa = PBXGroup;
			children = (
				345CF358290C494A00A7BBD7 /* Base.app */,
				345CF368290C494B00A7BBD7 /* BaseTests.xctest */,
				345CF372290C494B00A7BBD7 /* BaseUITests.xctest */,
				345CF37C290C494B00A7BBD7 /* Base WatchKit App.app */,
				345CF387290C494C00A7BBD7 /* Base WatchKit Extension.appex */,
				345CF3A1290C494C00A7BBD7 /* Base WatchKit AppTests.xctest */,
				345CF3AB290C494C00A7BBD7 /* Base WatchKit AppUITests.xctest */,
			);
			name = Products;
			sourceTree = "<group>";
		};
		345CF35A290C494A00A7BBD7 /* Base */ = {
			isa = PBXGroup;
			children = (
				345CF47A290C52B300A7BBD7 /* BaseApp.swift */,
				345CF35D290C494A00A7BBD7 /* ContentView.swift */,
				345CF35F290C494B00A7BBD7 /* Assets.xcassets */,
				345CF361290C494B00A7BBD7 /* Preview Content */,
			);
			path = Base;
			sourceTree = "<group>";
		};
		345CF361290C494B00A7BBD7 /* Preview Content */ = {
			isa = PBXGroup;
			children = (
				345CF362290C494B00A7BBD7 /* Preview Assets.xcassets */,
			);
			path = "Preview Content";
			sourceTree = "<group>";
		};
		345CF36B290C494B00A7BBD7 /* BaseTests */ = {
			isa = PBXGroup;
			children = (
				345CF36C290C494B00A7BBD7 /* BaseTests.swift */,
			);
			path = BaseTests;
			sourceTree = "<group>";
		};
		345CF375290C494B00A7BBD7 /* BaseUITests */ = {
			isa = PBXGroup;
			children = (
				345CF376290C494B00A7BBD7 /* BaseUITests.swift */,
				345CF378290C494B00A7BBD7 /* BaseUITestsLaunchTests.swift */,
			);
			path = BaseUITests;
			sourceTree = "<group>";
		};
		345CF380290C494B00A7BBD7 /* Base WatchKit App */ = {
			isa = PBXGroup;
			children = (
				345CF381290C494C00A7BBD7 /* Assets.xcassets */,
			);
			path = "Base WatchKit App";
			sourceTree = "<group>";
		};
		345CF38B290C494C00A7BBD7 /* Base WatchKit Extension */ = {
			isa = PBXGroup;
			children = (
				345CF47D290C52F600A7BBD7 /* BaseApp.swift */,
				345CF38E290C494C00A7BBD7 /* ContentView.swift */,
				345CF390290C494C00A7BBD7 /* NotificationController.swift */,
				345CF392290C494C00A7BBD7 /* NotificationView.swift */,
				345CF394290C494C00A7BBD7 /* ComplicationController.swift */,
				345CF396290C494C00A7BBD7 /* Assets.xcassets */,
				345CF39B290C494C00A7BBD7 /* Info.plist */,
				345CF39C290C494C00A7BBD7 /* PushNotificationPayload.apns */,
				345CF398290C494C00A7BBD7 /* Preview Content */,
			);
			path = "Base WatchKit Extension";
			sourceTree = "<group>";
		};
		345CF398290C494C00A7BBD7 /* Preview Content */ = {
			isa = PBXGroup;
			children = (
				345CF399290C494C00A7BBD7 /* Preview Assets.xcassets */,
			);
			path = "Preview Content";
			sourceTree = "<group>";
		};
		345CF3A4290C494C00A7BBD7 /* Base WatchKit AppTests */ = {
			isa = PBXGroup;
			children = (
				345CF3A5290C494C00A7BBD7 /* Base_WatchKit_AppTests.swift */,
			);
			path = "Base WatchKit AppTests";
			sourceTree = "<group>";
		};
		345CF3AE290C494C00A7BBD7 /* Base WatchKit AppUITests */ = {
			isa = PBXGroup;
			children = (
				345CF3AF290C494C00A7BBD7 /* Base_WatchKit_AppUITests.swift */,
				345CF3B1290C494C00A7BBD7 /* Base_WatchKit_AppUITestsLaunchTests.swift */,
			);
			path = "Base WatchKit AppUITests";
			sourceTree = "<group>";
		};
		345CF3F6290C4B7600A7BBD7 /* Shared */ = {
			isa = PBXGroup;
			children = (
				345CF3F7290C4B7600A7BBD7 /* Wrappers */,
				345CF3FA290C4B7600A7BBD7 /* Providers */,
				345CF3FD290C4B7600A7BBD7 /* Models */,
				345CF3FF290C4B7600A7BBD7 /* External */,
				345CF402290C4B7600A7BBD7 /* Views */,
			);
			path = Shared;
			sourceTree = "<group>";
		};
		345CF3F7290C4B7600A7BBD7 /* Wrappers */ = {
			isa = PBXGroup;
			children = (
				345CF3F8290C4B7600A7BBD7 /* DetrendedFluctuationWrapper.h */,
				345CF477290C50EB00A7BBD7 /* DetrendedFluctuationWrapper.mm */,
			);
			path = Wrappers;
			sourceTree = "<group>";
		};
		345CF3FA290C4B7600A7BBD7 /* Providers */ = {
			isa = PBXGroup;
			children = (
				345CF3FC290C4B7600A7BBD7 /* ConnectivityProvider.swift */,
				345CF47F290C53C000A7BBD7 /* HeartProvider.swift */,
			);
			path = Providers;
			sourceTree = "<group>";
		};
		345CF3FD290C4B7600A7BBD7 /* Models */ = {
			isa = PBXGroup;
			children = (
				345CF3FE290C4B7600A7BBD7 /* HeartModel.swift */,
			);
			path = Models;
			sourceTree = "<group>";
		};
		345CF3FF290C4B7600A7BBD7 /* External */ = {
			isa = PBXGroup;
			children = (
				345CF400290C4B7600A7BBD7 /* DetrendedFluctuation.cpp */,
				345CF401290C4B7600A7BBD7 /* DetrendedFluctuation.hpp */,
			);
			path = External;
			sourceTree = "<group>";
		};
		345CF402290C4B7600A7BBD7 /* Views */ = {
			isa = PBXGroup;
			children = (
				345CF403290C4B7600A7BBD7 /* HeartView.swift */,
			);
			path = Views;
			sourceTree = "<group>";
		};
/* End PBXGroup section */

/* Begin PBXNativeTarget section */
		345CF357290C494A00A7BBD7 /* Base */ = {
			isa = PBXNativeTarget;
			buildConfigurationList = 345CF3BD290C494C00A7BBD7 /* Build configuration list for PBXNativeTarget "Base" */;
			buildPhases = (
				345CF354290C494A00A7BBD7 /* Sources */,
				345CF355290C494A00A7BBD7 /* Frameworks */,
				345CF356290C494A00A7BBD7 /* Resources */,
				345CF3BC290C494C00A7BBD7 /* Embed Watch Content */,
			);
			buildRules = (
			);
			dependencies = (
				345CF37F290C494B00A7BBD7 /* PBXTargetDependency */,
			);
			name = Base;
			productName = Base;
			productReference = 345CF358290C494A00A7BBD7 /* Base.app */;
			productType = "com.apple.product-type.application";
		};
		345CF367290C494B00A7BBD7 /* BaseTests */ = {
			isa = PBXNativeTarget;
			buildConfigurationList = 345CF3C0290C494C00A7BBD7 /* Build configuration list for PBXNativeTarget "BaseTests" */;
			buildPhases = (
				345CF364290C494B00A7BBD7 /* Sources */,
				345CF365290C494B00A7BBD7 /* Frameworks */,
				345CF366290C494B00A7BBD7 /* Resources */,
			);
			buildRules = (
			);
			dependencies = (
				345CF36A290C494B00A7BBD7 /* PBXTargetDependency */,
			);
			name = BaseTests;
			productName = BaseTests;
			productReference = 345CF368290C494B00A7BBD7 /* BaseTests.xctest */;
			productType = "com.apple.product-type.bundle.unit-test";
		};
		345CF371290C494B00A7BBD7 /* BaseUITests */ = {
			isa = PBXNativeTarget;
			buildConfigurationList = 345CF3C3290C494C00A7BBD7 /* Build configuration list for PBXNativeTarget "BaseUITests" */;
			buildPhases = (
				345CF36E290C494B00A7BBD7 /* Sources */,
				345CF36F290C494B00A7BBD7 /* Frameworks */,
				345CF370290C494B00A7BBD7 /* Resources */,
			);
			buildRules = (
			);
			dependencies = (
				345CF374290C494B00A7BBD7 /* PBXTargetDependency */,
			);
			name = BaseUITests;
			productName = BaseUITests;
			productReference = 345CF372290C494B00A7BBD7 /* BaseUITests.xctest */;
			productType = "com.apple.product-type.bundle.ui-testing";
		};
		345CF37B290C494B00A7BBD7 /* Base WatchKit App */ = {
			isa = PBXNativeTarget;
			buildConfigurationList = 345CF3B9290C494C00A7BBD7 /* Build configuration list for PBXNativeTarget "Base WatchKit App" */;
			buildPhases = (
				345CF37A290C494B00A7BBD7 /* Resources */,
				345CF3B8290C494C00A7BBD7 /* Embed App Extensions */,
			);
			buildRules = (
			);
			dependencies = (
				345CF38A290C494C00A7BBD7 /* PBXTargetDependency */,
			);
			name = "Base WatchKit App";
			productName = "Base WatchKit App";
			productReference = 345CF37C290C494B00A7BBD7 /* Base WatchKit App.app */;
			productType = "com.apple.product-type.application.watchapp2";
		};
		345CF386290C494C00A7BBD7 /* Base WatchKit Extension */ = {
			isa = PBXNativeTarget;
			buildConfigurationList = 345CF3B5290C494C00A7BBD7 /* Build configuration list for PBXNativeTarget "Base WatchKit Extension" */;
			buildPhases = (
				345CF383290C494C00A7BBD7 /* Sources */,
				345CF384290C494C00A7BBD7 /* Frameworks */,
				345CF385290C494C00A7BBD7 /* Resources */,
			);
			buildRules = (
			);
			dependencies = (
			);
			name = "Base WatchKit Extension";
			productName = "Base WatchKit Extension";
			productReference = 345CF387290C494C00A7BBD7 /* Base WatchKit Extension.appex */;
			productType = "com.apple.product-type.watchkit2-extension";
		};
		345CF3A0290C494C00A7BBD7 /* Base WatchKit AppTests */ = {
			isa = PBXNativeTarget;
			buildConfigurationList = 345CF3C6290C494C00A7BBD7 /* Build configuration list for PBXNativeTarget "Base WatchKit AppTests" */;
			buildPhases = (
				345CF39D290C494C00A7BBD7 /* Sources */,
				345CF39E290C494C00A7BBD7 /* Frameworks */,
				345CF39F290C494C00A7BBD7 /* Resources */,
			);
			buildRules = (
			);
			dependencies = (
				345CF3A3290C494C00A7BBD7 /* PBXTargetDependency */,
			);
			name = "Base WatchKit AppTests";
			productName = "Base WatchKit AppTests";
			productReference = 345CF3A1290C494C00A7BBD7 /* Base WatchKit AppTests.xctest */;
			productType = "com.apple.product-type.bundle.unit-test";
		};
		345CF3AA290C494C00A7BBD7 /* Base WatchKit AppUITests */ = {
			isa = PBXNativeTarget;
			buildConfigurationList = 345CF3C9290C494C00A7BBD7 /* Build configuration list for PBXNativeTarget "Base WatchKit AppUITests" */;
			buildPhases = (
				345CF3A7290C494C00A7BBD7 /* Sources */,
				345CF3A8290C494C00A7BBD7 /* Frameworks */,
				345CF3A9290C494C00A7BBD7 /* Resources */,
			);
			buildRules = (
			);
			dependencies = (
				345CF3AD290C494C00A7BBD7 /* PBXTargetDependency */,
			);
			name = "Base WatchKit AppUITests";
			productName = "Base WatchKit AppUITests";
			productReference = 345CF3AB290C494C00A7BBD7 /* Base WatchKit AppUITests.xctest */;
			productType = "com.apple.product-type.bundle.ui-testing";
		};
/* End PBXNativeTarget section */

/* Begin PBXProject section */
		345CF350290C494A00A7BBD7 /* Project object */ = {
			isa = PBXProject;
			attributes = {
				BuildIndependentTargetsInParallel = 1;
				LastSwiftUpdateCheck = 1340;
				LastUpgradeCheck = 1340;
				TargetAttributes = {
					345CF357290C494A00A7BBD7 = {
						CreatedOnToolsVersion = 13.4.1;
					};
					345CF367290C494B00A7BBD7 = {
						CreatedOnToolsVersion = 13.4.1;
						TestTargetID = 345CF357290C494A00A7BBD7;
					};
					345CF371290C494B00A7BBD7 = {
						CreatedOnToolsVersion = 13.4.1;
						TestTargetID = 345CF357290C494A00A7BBD7;
					};
					345CF37B290C494B00A7BBD7 = {
						CreatedOnToolsVersion = 13.4.1;
					};
					345CF386290C494C00A7BBD7 = {
						CreatedOnToolsVersion = 13.4.1;
					};
					345CF3A0290C494C00A7BBD7 = {
						CreatedOnToolsVersion = 13.4.1;
						TestTargetID = 345CF386290C494C00A7BBD7;
					};
					345CF3AA290C494C00A7BBD7 = {
						CreatedOnToolsVersion = 13.4.1;
						TestTargetID = 345CF37B290C494B00A7BBD7;
					};
				};
			};
			buildConfigurationList = 345CF353290C494A00A7BBD7 /* Build configuration list for PBXProject "Base" */;
			compatibilityVersion = "Xcode 13.0";
			developmentRegion = en;
			hasScannedForEncodings = 0;
			knownRegions = (
				en,
				Base,
			);
			mainGroup = 345CF34F290C494A00A7BBD7;
			productRefGroup = 345CF359290C494A00A7BBD7 /* Products */;
			projectDirPath = "";
			projectRoot = "";
			targets = (
				345CF357290C494A00A7BBD7 /* Base */,
				345CF367290C494B00A7BBD7 /* BaseTests */,
				345CF371290C494B00A7BBD7 /* BaseUITests */,
				345CF37B290C494B00A7BBD7 /* Base WatchKit App */,
				345CF386290C494C00A7BBD7 /* Base WatchKit Extension */,
				345CF3A0290C494C00A7BBD7 /* Base WatchKit AppTests */,
				345CF3AA290C494C00A7BBD7 /* Base WatchKit AppUITests */,
			);
		};
/* End PBXProject section */

/* Begin PBXResourcesBuildPhase section */
		345CF356290C494A00A7BBD7 /* Resources */ = {
			isa = PBXResourcesBuildPhase;
			buildActionMask = 2147483647;
			files = (
				345CF363290C494B00A7BBD7 /* Preview Assets.xcassets in Resources */,
				345CF360290C494B00A7BBD7 /* Assets.xcassets in Resources */,
			);
			runOnlyForDeploymentPostprocessing = 0;
		};
		345CF366290C494B00A7BBD7 /* Resources */ = {
			isa = PBXResourcesBuildPhase;
			buildActionMask = 2147483647;
			files = (
			);
			runOnlyForDeploymentPostprocessing = 0;
		};
		345CF370290C494B00A7BBD7 /* Resources */ = {
			isa = PBXResourcesBuildPhase;
			buildActionMask = 2147483647;
			files = (
			);
			runOnlyForDeploymentPostprocessing = 0;
		};
		345CF37A290C494B00A7BBD7 /* Resources */ = {
			isa = PBXResourcesBuildPhase;
			buildActionMask = 2147483647;
			files = (
				345CF382290C494C00A7BBD7 /* Assets.xcassets in Resources */,
			);
			runOnlyForDeploymentPostprocessing = 0;
		};
		345CF385290C494C00A7BBD7 /* Resources */ = {
			isa = PBXResourcesBuildPhase;
			buildActionMask = 2147483647;
			files = (
				345CF39A290C494C00A7BBD7 /* Preview Assets.xcassets in Resources */,
				345CF397290C494C00A7BBD7 /* Assets.xcassets in Resources */,
			);
			runOnlyForDeploymentPostprocessing = 0;
		};
		345CF39F290C494C00A7BBD7 /* Resources */ = {
			isa = PBXResourcesBuildPhase;
			buildActionMask = 2147483647;
			files = (
			);
			runOnlyForDeploymentPostprocessing = 0;
		};
		345CF3A9290C494C00A7BBD7 /* Resources */ = {
			isa = PBXResourcesBuildPhase;
			buildActionMask = 2147483647;
			files = (
			);
			runOnlyForDeploymentPostprocessing = 0;
		};
/* End PBXResourcesBuildPhase section */

/* Begin PBXSourcesBuildPhase section */
		345CF354290C494A00A7BBD7 /* Sources */ = {
			isa = PBXSourcesBuildPhase;
			buildActionMask = 2147483647;
			files = (
				345CF40C290C4B7600A7BBD7 /* DetrendedFluctuation.cpp in Sources */,
				345CF40E290C4B7600A7BBD7 /* HeartView.swift in Sources */,
				345CF35E290C494A00A7BBD7 /* ContentView.swift in Sources */,
				345CF47B290C52B300A7BBD7 /* BaseApp.swift in Sources */,
				345CF478290C50EB00A7BBD7 /* DetrendedFluctuationWrapper.mm in Sources */,
				345CF480290C53C000A7BBD7 /* HeartProvider.swift in Sources */,
				345CF408290C4B7600A7BBD7 /* ConnectivityProvider.swift in Sources */,
				345CF40A290C4B7600A7BBD7 /* HeartModel.swift in Sources */,
			);
			runOnlyForDeploymentPostprocessing = 0;
		};
		345CF364290C494B00A7BBD7 /* Sources */ = {
			isa = PBXSourcesBuildPhase;
			buildActionMask = 2147483647;
			files = (
				345CF36D290C494B00A7BBD7 /* BaseTests.swift in Sources */,
			);
			runOnlyForDeploymentPostprocessing = 0;
		};
		345CF36E290C494B00A7BBD7 /* Sources */ = {
			isa = PBXSourcesBuildPhase;
			buildActionMask = 2147483647;
			files = (
				345CF377290C494B00A7BBD7 /* BaseUITests.swift in Sources */,
				345CF379290C494B00A7BBD7 /* BaseUITestsLaunchTests.swift in Sources */,
			);
			runOnlyForDeploymentPostprocessing = 0;
		};
		345CF383290C494C00A7BBD7 /* Sources */ = {
			isa = PBXSourcesBuildPhase;
			buildActionMask = 2147483647;
			files = (
				345CF40B290C4B7600A7BBD7 /* HeartModel.swift in Sources */,
				345CF47E290C52F600A7BBD7 /* BaseApp.swift in Sources */,
				345CF40F290C4B7600A7BBD7 /* HeartView.swift in Sources */,
				345CF40D290C4B7600A7BBD7 /* DetrendedFluctuation.cpp in Sources */,
				345CF481290C53C000A7BBD7 /* HeartProvider.swift in Sources */,
				345CF479290C50EB00A7BBD7 /* DetrendedFluctuationWrapper.mm in Sources */,
				345CF391290C494C00A7BBD7 /* NotificationController.swift in Sources */,
				345CF38F290C494C00A7BBD7 /* ContentView.swift in Sources */,
				345CF395290C494C00A7BBD7 /* ComplicationController.swift in Sources */,
				345CF393290C494C00A7BBD7 /* NotificationView.swift in Sources */,
				345CF409290C4B7600A7BBD7 /* ConnectivityProvider.swift in Sources */,
			);
			runOnlyForDeploymentPostprocessing = 0;
		};
		345CF39D290C494C00A7BBD7 /* Sources */ = {
			isa = PBXSourcesBuildPhase;
			buildActionMask = 2147483647;
			files = (
				345CF3A6290C494C00A7BBD7 /* Base_WatchKit_AppTests.swift in Sources */,
			);
			runOnlyForDeploymentPostprocessing = 0;
		};
		345CF3A7290C494C00A7BBD7 /* Sources */ = {
			isa = PBXSourcesBuildPhase;
			buildActionMask = 2147483647;
			files = (
				345CF3B2290C494C00A7BBD7 /* Base_WatchKit_AppUITestsLaunchTests.swift in Sources */,
				345CF3B0290C494C00A7BBD7 /* Base_WatchKit_AppUITests.swift in Sources */,
			);
			runOnlyForDeploymentPostprocessing = 0;
		};
/* End PBXSourcesBuildPhase section */

/* Begin PBXTargetDependency section */
		345CF36A290C494B00A7BBD7 /* PBXTargetDependency */ = {
			isa = PBXTargetDependency;
			target = 345CF357290C494A00A7BBD7 /* Base */;
			targetProxy = 345CF369290C494B00A7BBD7 /* PBXContainerItemProxy */;
		};
		345CF374290C494B00A7BBD7 /* PBXTargetDependency */ = {
			isa = PBXTargetDependency;
			target = 345CF357290C494A00A7BBD7 /* Base */;
			targetProxy = 345CF373290C494B00A7BBD7 /* PBXContainerItemProxy */;
		};
		345CF37F290C494B00A7BBD7 /* PBXTargetDependency */ = {
			isa = PBXTargetDependency;
			target = 345CF37B290C494B00A7BBD7 /* Base WatchKit App */;
			targetProxy = 345CF37E290C494B00A7BBD7 /* PBXContainerItemProxy */;
		};
		345CF38A290C494C00A7BBD7 /* PBXTargetDependency */ = {
			isa = PBXTargetDependency;
			target = 345CF386290C494C00A7BBD7 /* Base WatchKit Extension */;
			targetProxy = 345CF389290C494C00A7BBD7 /* PBXContainerItemProxy */;
		};
		345CF3A3290C494C00A7BBD7 /* PBXTargetDependency */ = {
			isa = PBXTargetDependency;
			target = 345CF386290C494C00A7BBD7 /* Base WatchKit Extension */;
			targetProxy = 345CF3A2290C494C00A7BBD7 /* PBXContainerItemProxy */;
		};
		345CF3AD290C494C00A7BBD7 /* PBXTargetDependency */ = {
			isa = PBXTargetDependency;
			target = 345CF37B290C494B00A7BBD7 /* Base WatchKit App */;
			targetProxy = 345CF3AC290C494C00A7BBD7 /* PBXContainerItemProxy */;
		};
/* End PBXTargetDependency section */

/* Begin XCBuildConfiguration section */
		345CF3B3290C494C00A7BBD7 /* Debug */ = {
			isa = XCBuildConfiguration;
			buildSettings = {
				ALWAYS_SEARCH_USER_PATHS = NO;
				CLANG_ANALYZER_NONNULL = YES;
				CLANG_ANALYZER_NUMBER_OBJECT_CONVERSION = YES_AGGRESSIVE;
				CLANG_CXX_LANGUAGE_STANDARD = "gnu++17";
				CLANG_ENABLE_MODULES = YES;
				CLANG_ENABLE_OBJC_ARC = YES;
				CLANG_ENABLE_OBJC_WEAK = YES;
				CLANG_WARN_BLOCK_CAPTURE_AUTORELEASING = YES;
				CLANG_WARN_BOOL_CONVERSION = YES;
				CLANG_WARN_COMMA = YES;
				CLANG_WARN_CONSTANT_CONVERSION = YES;
				CLANG_WARN_DEPRECATED_OBJC_IMPLEMENTATIONS = YES;
				CLANG_WARN_DIRECT_OBJC_ISA_USAGE = YES_ERROR;
				CLANG_WARN_DOCUMENTATION_COMMENTS = YES;
				CLANG_WARN_EMPTY_BODY = YES;
				CLANG_WARN_ENUM_CONVERSION = YES;
				CLANG_WARN_INFINITE_RECURSION = YES;
				CLANG_WARN_INT_CONVERSION = YES;
				CLANG_WARN_NON_LITERAL_NULL_CONVERSION = YES;
				CLANG_WARN_OBJC_IMPLICIT_RETAIN_SELF = YES;
				CLANG_WARN_OBJC_LITERAL_CONVERSION = YES;
				CLANG_WARN_OBJC_ROOT_CLASS = YES_ERROR;
				CLANG_WARN_QUOTED_INCLUDE_IN_FRAMEWORK_HEADER = YES;
				CLANG_WARN_RANGE_LOOP_ANALYSIS = YES;
				CLANG_WARN_STRICT_PROTOTYPES = YES;
				CLANG_WARN_SUSPICIOUS_MOVE = YES;
				CLANG_WARN_UNGUARDED_AVAILABILITY = YES_AGGRESSIVE;
				CLANG_WARN_UNREACHABLE_CODE = YES;
				CLANG_WARN__DUPLICATE_METHOD_MATCH = YES;
				COPY_PHASE_STRIP = NO;
				DEBUG_INFORMATION_FORMAT = dwarf;
				ENABLE_STRICT_OBJC_MSGSEND = YES;
				ENABLE_TESTABILITY = YES;
				GCC_C_LANGUAGE_STANDARD = gnu11;
				GCC_DYNAMIC_NO_PIC = NO;
				GCC_NO_COMMON_BLOCKS = YES;
				GCC_OPTIMIZATION_LEVEL = 0;
				GCC_PREPROCESSOR_DEFINITIONS = (
					"DEBUG=1",
					"$(inherited)",
				);
				GCC_WARN_64_TO_32_BIT_CONVERSION = YES;
				GCC_WARN_ABOUT_RETURN_TYPE = YES_ERROR;
				GCC_WARN_UNDECLARED_SELECTOR = YES;
				GCC_WARN_UNINITIALIZED_AUTOS = YES_AGGRESSIVE;
				GCC_WARN_UNUSED_FUNCTION = YES;
				GCC_WARN_UNUSED_VARIABLE = YES;
				MTL_ENABLE_DEBUG_INFO = INCLUDE_SOURCE;
				MTL_FAST_MATH = YES;
				ONLY_ACTIVE_ARCH = YES;
				SWIFT_ACTIVE_COMPILATION_CONDITIONS = DEBUG;
				SWIFT_OPTIMIZATION_LEVEL = "-Onone";
			};
			name = Debug;
		};
		345CF3B4290C494C00A7BBD7 /* Release */ = {
			isa = XCBuildConfiguration;
			buildSettings = {
				ALWAYS_SEARCH_USER_PATHS = NO;
				CLANG_ANALYZER_NONNULL = YES;
				CLANG_ANALYZER_NUMBER_OBJECT_CONVERSION = YES_AGGRESSIVE;
				CLANG_CXX_LANGUAGE_STANDARD = "gnu++17";
				CLANG_ENABLE_MODULES = YES;
				CLANG_ENABLE_OBJC_ARC = YES;
				CLANG_ENABLE_OBJC_WEAK = YES;
				CLANG_WARN_BLOCK_CAPTURE_AUTORELEASING = YES;
				CLANG_WARN_BOOL_CONVERSION = YES;
				CLANG_WARN_COMMA = YES;
				CLANG_WARN_CONSTANT_CONVERSION = YES;
				CLANG_WARN_DEPRECATED_OBJC_IMPLEMENTATIONS = YES;
				CLANG_WARN_DIRECT_OBJC_ISA_USAGE = YES_ERROR;
				CLANG_WARN_DOCUMENTATION_COMMENTS = YES;
				CLANG_WARN_EMPTY_BODY = YES;
				CLANG_WARN_ENUM_CONVERSION = YES;
				CLANG_WARN_INFINITE_RECURSION = YES;
				CLANG_WARN_INT_CONVERSION = YES;
				CLANG_WARN_NON_LITERAL_NULL_CONVERSION = YES;
				CLANG_WARN_OBJC_IMPLICIT_RETAIN_SELF = YES;
				CLANG_WARN_OBJC_LITERAL_CONVERSION = YES;
				CLANG_WARN_OBJC_ROOT_CLASS = YES_ERROR;
				CLANG_WARN_QUOTED_INCLUDE_IN_FRAMEWORK_HEADER = YES;
				CLANG_WARN_RANGE_LOOP_ANALYSIS = YES;
				CLANG_WARN_STRICT_PROTOTYPES = YES;
				CLANG_WARN_SUSPICIOUS_MOVE = YES;
				CLANG_WARN_UNGUARDED_AVAILABILITY = YES_AGGRESSIVE;
				CLANG_WARN_UNREACHABLE_CODE = YES;
				CLANG_WARN__DUPLICATE_METHOD_MATCH = YES;
				COPY_PHASE_STRIP = NO;
				DEBUG_INFORMATION_FORMAT = "dwarf-with-dsym";
				ENABLE_NS_ASSERTIONS = NO;
				ENABLE_STRICT_OBJC_MSGSEND = YES;
				GCC_C_LANGUAGE_STANDARD = gnu11;
				GCC_NO_COMMON_BLOCKS = YES;
				GCC_WARN_64_TO_32_BIT_CONVERSION = YES;
				GCC_WARN_ABOUT_RETURN_TYPE = YES_ERROR;
				GCC_WARN_UNDECLARED_SELECTOR = YES;
				GCC_WARN_UNINITIALIZED_AUTOS = YES_AGGRESSIVE;
				GCC_WARN_UNUSED_FUNCTION = YES;
				GCC_WARN_UNUSED_VARIABLE = YES;
				MTL_ENABLE_DEBUG_INFO = NO;
				MTL_FAST_MATH = YES;
				SWIFT_COMPILATION_MODE = wholemodule;
				SWIFT_OPTIMIZATION_LEVEL = "-O";
			};
			name = Release;
		};
		345CF3B6290C494C00A7BBD7 /* Debug */ = {
			isa = XCBuildConfiguration;
			buildSettings = {
				ASSETCATALOG_COMPILER_COMPLICATION_NAME = Complication;
				CODE_SIGN_STYLE = Automatic;
				CURRENT_PROJECT_VERSION = 1;
				DEVELOPMENT_ASSET_PATHS = "\"Base WatchKit Extension/Preview Content\"";
				DEVELOPMENT_TEAM = 77BNMKA2CZ;
				ENABLE_PREVIEWS = YES;
				GENERATE_INFOPLIST_FILE = YES;
				INFOPLIST_FILE = "Base WatchKit Extension/Info.plist";
				INFOPLIST_KEY_CFBundleDisplayName = "Base WatchKit Extension";
				INFOPLIST_KEY_CLKComplicationPrincipalClass = Base_WatchKit_Extension.ComplicationController;
				INFOPLIST_KEY_NSBluetoothAlwaysUsageDescription = "Base uses Bluetooth to find, connect and transfer data with your heart monitoring devices.";
				INFOPLIST_KEY_NSHumanReadableCopyright = "";
				INFOPLIST_KEY_WKRunsIndependentlyOfCompanionApp = YES;
				LD_RUNPATH_SEARCH_PATHS = (
					"$(inherited)",
					"@executable_path/Frameworks",
					"@executable_path/../../Frameworks",
				);
				MARKETING_VERSION = 1.0;
				PRODUCT_BUNDLE_IDENTIFIER = com.LocalGoods.Base.watchkitapp.watchkitextension;
				PRODUCT_NAME = "${TARGET_NAME}";
				SDKROOT = watchos;
				SKIP_INSTALL = YES;
				SWIFT_EMIT_LOC_STRINGS = YES;
				"SWIFT_OBJC_BRIDGING_HEADER[sdk=watchos*]" = "Base WatchKit Extension-Bridging-Header.h";
				SWIFT_VERSION = 5.0;
				TARGETED_DEVICE_FAMILY = 4;
				WATCHOS_DEPLOYMENT_TARGET = 8.5;
			};
			name = Debug;
		};
		345CF3B7290C494C00A7BBD7 /* Release */ = {
			isa = XCBuildConfiguration;
			buildSettings = {
				ASSETCATALOG_COMPILER_COMPLICATION_NAME = Complication;
				CODE_SIGN_STYLE = Automatic;
				CURRENT_PROJECT_VERSION = 1;
				DEVELOPMENT_ASSET_PATHS = "\"Base WatchKit Extension/Preview Content\"";
				DEVELOPMENT_TEAM = 77BNMKA2CZ;
				ENABLE_PREVIEWS = YES;
				GENERATE_INFOPLIST_FILE = YES;
				INFOPLIST_FILE = "Base WatchKit Extension/Info.plist";
				INFOPLIST_KEY_CFBundleDisplayName = "Base WatchKit Extension";
				INFOPLIST_KEY_CLKComplicationPrincipalClass = Base_WatchKit_Extension.ComplicationController;
				INFOPLIST_KEY_NSBluetoothAlwaysUsageDescription = "Base uses Bluetooth to find, connect and transfer data with your heart monitoring devices.";
				INFOPLIST_KEY_NSHumanReadableCopyright = "";
				INFOPLIST_KEY_WKRunsIndependentlyOfCompanionApp = YES;
				LD_RUNPATH_SEARCH_PATHS = (
					"$(inherited)",
					"@executable_path/Frameworks",
					"@executable_path/../../Frameworks",
				);
				MARKETING_VERSION = 1.0;
				PRODUCT_BUNDLE_IDENTIFIER = com.LocalGoods.Base.watchkitapp.watchkitextension;
				PRODUCT_NAME = "${TARGET_NAME}";
				SDKROOT = watchos;
				SKIP_INSTALL = YES;
				SWIFT_EMIT_LOC_STRINGS = YES;
				"SWIFT_OBJC_BRIDGING_HEADER[sdk=watchos*]" = "Base WatchKit Extension-Bridging-Header.h";
				SWIFT_VERSION = 5.0;
				TARGETED_DEVICE_FAMILY = 4;
				VALIDATE_PRODUCT = YES;
				WATCHOS_DEPLOYMENT_TARGET = 8.5;
			};
			name = Release;
		};
		345CF3BA290C494C00A7BBD7 /* Debug */ = {
			isa = XCBuildConfiguration;
			buildSettings = {
				ALWAYS_EMBED_SWIFT_STANDARD_LIBRARIES = YES;
				ASSETCATALOG_COMPILER_APPICON_NAME = AppIcon;
				ASSETCATALOG_COMPILER_GLOBAL_ACCENT_COLOR_NAME = AccentColor;
				CODE_SIGN_STYLE = Automatic;
				CURRENT_PROJECT_VERSION = 1;
				DEVELOPMENT_TEAM = 77BNMKA2CZ;
				GENERATE_INFOPLIST_FILE = YES;
				IBSC_MODULE = Base_WatchKit_Extension;
				INFOPLIST_KEY_CFBundleDisplayName = "Base WatchKit App";
				INFOPLIST_KEY_UISupportedInterfaceOrientations = "UIInterfaceOrientationPortrait UIInterfaceOrientationPortraitUpsideDown";
				INFOPLIST_KEY_WKCompanionAppBundleIdentifier = com.LocalGoods.Base;
				MARKETING_VERSION = 1.0;
				PRODUCT_BUNDLE_IDENTIFIER = com.LocalGoods.Base.watchkitapp;
				PRODUCT_NAME = "$(TARGET_NAME)";
				SDKROOT = watchos;
				SKIP_INSTALL = YES;
				SWIFT_EMIT_LOC_STRINGS = YES;
				SWIFT_VERSION = 5.0;
				TARGETED_DEVICE_FAMILY = 4;
				WATCHOS_DEPLOYMENT_TARGET = 8.5;
			};
			name = Debug;
		};
		345CF3BB290C494C00A7BBD7 /* Release */ = {
			isa = XCBuildConfiguration;
			buildSettings = {
				ALWAYS_EMBED_SWIFT_STANDARD_LIBRARIES = YES;
				ASSETCATALOG_COMPILER_APPICON_NAME = AppIcon;
				ASSETCATALOG_COMPILER_GLOBAL_ACCENT_COLOR_NAME = AccentColor;
				CODE_SIGN_STYLE = Automatic;
				CURRENT_PROJECT_VERSION = 1;
				DEVELOPMENT_TEAM = 77BNMKA2CZ;
				GENERATE_INFOPLIST_FILE = YES;
				IBSC_MODULE = Base_WatchKit_Extension;
				INFOPLIST_KEY_CFBundleDisplayName = "Base WatchKit App";
				INFOPLIST_KEY_UISupportedInterfaceOrientations = "UIInterfaceOrientationPortrait UIInterfaceOrientationPortraitUpsideDown";
				INFOPLIST_KEY_WKCompanionAppBundleIdentifier = com.LocalGoods.Base;
				MARKETING_VERSION = 1.0;
				PRODUCT_BUNDLE_IDENTIFIER = com.LocalGoods.Base.watchkitapp;
				PRODUCT_NAME = "$(TARGET_NAME)";
				SDKROOT = watchos;
				SKIP_INSTALL = YES;
				SWIFT_EMIT_LOC_STRINGS = YES;
				SWIFT_VERSION = 5.0;
				TARGETED_DEVICE_FAMILY = 4;
				VALIDATE_PRODUCT = YES;
				WATCHOS_DEPLOYMENT_TARGET = 8.5;
			};
			name = Release;
		};
		345CF3BE290C494C00A7BBD7 /* Debug */ = {
			isa = XCBuildConfiguration;
			buildSettings = {
				ASSETCATALOG_COMPILER_APPICON_NAME = AppIcon;
				ASSETCATALOG_COMPILER_GLOBAL_ACCENT_COLOR_NAME = AccentColor;
				CODE_SIGN_STYLE = Automatic;
				CURRENT_PROJECT_VERSION = 1;
				DEVELOPMENT_ASSET_PATHS = "\"Base/Preview Content\"";
				DEVELOPMENT_TEAM = 77BNMKA2CZ;
				ENABLE_PREVIEWS = YES;
				GENERATE_INFOPLIST_FILE = YES;
				INFOPLIST_KEY_NSBluetoothAlwaysUsageDescription = "Base uses Bluetooth to find, connect and transfer data with your heart monitoring devices.";
				INFOPLIST_KEY_UIApplicationSceneManifest_Generation = YES;
				INFOPLIST_KEY_UIApplicationSupportsIndirectInputEvents = YES;
				INFOPLIST_KEY_UILaunchScreen_Generation = YES;
				INFOPLIST_KEY_UISupportedInterfaceOrientations_iPad = "UIInterfaceOrientationPortrait UIInterfaceOrientationPortraitUpsideDown UIInterfaceOrientationLandscapeLeft UIInterfaceOrientationLandscapeRight";
				INFOPLIST_KEY_UISupportedInterfaceOrientations_iPhone = "UIInterfaceOrientationPortrait UIInterfaceOrientationLandscapeLeft UIInterfaceOrientationLandscapeRight";
				IPHONEOS_DEPLOYMENT_TARGET = 15.5;
				LD_RUNPATH_SEARCH_PATHS = (
					"$(inherited)",
					"@executable_path/Frameworks",
				);
				MARKETING_VERSION = 1.0;
				PRODUCT_BUNDLE_IDENTIFIER = com.LocalGoods.Base;
				PRODUCT_NAME = "$(TARGET_NAME)";
				SDKROOT = iphoneos;
				SWIFT_EMIT_LOC_STRINGS = YES;
				"SWIFT_OBJC_BRIDGING_HEADER[sdk=iphoneos*]" = "Base-Bridging-Header.h";
				SWIFT_PRECOMPILE_BRIDGING_HEADER = NO;
				SWIFT_VERSION = 5.0;
				TARGETED_DEVICE_FAMILY = "1,2";
			};
			name = Debug;
		};
		345CF3BF290C494C00A7BBD7 /* Release */ = {
			isa = XCBuildConfiguration;
			buildSettings = {
				ASSETCATALOG_COMPILER_APPICON_NAME = AppIcon;
				ASSETCATALOG_COMPILER_GLOBAL_ACCENT_COLOR_NAME = AccentColor;
				CODE_SIGN_STYLE = Automatic;
				CURRENT_PROJECT_VERSION = 1;
				DEVELOPMENT_ASSET_PATHS = "\"Base/Preview Content\"";
				DEVELOPMENT_TEAM = 77BNMKA2CZ;
				ENABLE_PREVIEWS = YES;
				GENERATE_INFOPLIST_FILE = YES;
				INFOPLIST_KEY_NSBluetoothAlwaysUsageDescription = "Base uses Bluetooth to find, connect and transfer data with your heart monitoring devices.";
				INFOPLIST_KEY_UIApplicationSceneManifest_Generation = YES;
				INFOPLIST_KEY_UIApplicationSupportsIndirectInputEvents = YES;
				INFOPLIST_KEY_UILaunchScreen_Generation = YES;
				INFOPLIST_KEY_UISupportedInterfaceOrientations_iPad = "UIInterfaceOrientationPortrait UIInterfaceOrientationPortraitUpsideDown UIInterfaceOrientationLandscapeLeft UIInterfaceOrientationLandscapeRight";
				INFOPLIST_KEY_UISupportedInterfaceOrientations_iPhone = "UIInterfaceOrientationPortrait UIInterfaceOrientationLandscapeLeft UIInterfaceOrientationLandscapeRight";
				IPHONEOS_DEPLOYMENT_TARGET = 15.5;
				LD_RUNPATH_SEARCH_PATHS = (
					"$(inherited)",
					"@executable_path/Frameworks",
				);
				MARKETING_VERSION = 1.0;
				PRODUCT_BUNDLE_IDENTIFIER = com.LocalGoods.Base;
				PRODUCT_NAME = "$(TARGET_NAME)";
				SDKROOT = iphoneos;
				SWIFT_EMIT_LOC_STRINGS = YES;
				"SWIFT_OBJC_BRIDGING_HEADER[sdk=iphoneos*]" = "Base-Bridging-Header.h";
				SWIFT_PRECOMPILE_BRIDGING_HEADER = NO;
				SWIFT_VERSION = 5.0;
				TARGETED_DEVICE_FAMILY = "1,2";
				VALIDATE_PRODUCT = YES;
			};
			name = Release;
		};
		345CF3C1290C494C00A7BBD7 /* Debug */ = {
			isa = XCBuildConfiguration;
			buildSettings = {
				ALWAYS_EMBED_SWIFT_STANDARD_LIBRARIES = YES;
				BUNDLE_LOADER = "$(TEST_HOST)";
				CODE_SIGN_STYLE = Automatic;
				CURRENT_PROJECT_VERSION = 1;
				DEVELOPMENT_TEAM = 77BNMKA2CZ;
				GENERATE_INFOPLIST_FILE = YES;
				IPHONEOS_DEPLOYMENT_TARGET = 15.5;
				MARKETING_VERSION = 1.0;
				PRODUCT_BUNDLE_IDENTIFIER = com.LocalGoods.BaseTests;
				PRODUCT_NAME = "$(TARGET_NAME)";
				SDKROOT = iphoneos;
				SWIFT_EMIT_LOC_STRINGS = NO;
				SWIFT_VERSION = 5.0;
				TARGETED_DEVICE_FAMILY = "1,2";
				TEST_HOST = "$(BUILT_PRODUCTS_DIR)/Base.app/Base";
			};
			name = Debug;
		};
		345CF3C2290C494C00A7BBD7 /* Release */ = {
			isa = XCBuildConfiguration;
			buildSettings = {
				ALWAYS_EMBED_SWIFT_STANDARD_LIBRARIES = YES;
				BUNDLE_LOADER = "$(TEST_HOST)";
				CODE_SIGN_STYLE = Automatic;
				CURRENT_PROJECT_VERSION = 1;
				DEVELOPMENT_TEAM = 77BNMKA2CZ;
				GENERATE_INFOPLIST_FILE = YES;
				IPHONEOS_DEPLOYMENT_TARGET = 15.5;
				MARKETING_VERSION = 1.0;
				PRODUCT_BUNDLE_IDENTIFIER = com.LocalGoods.BaseTests;
				PRODUCT_NAME = "$(TARGET_NAME)";
				SDKROOT = iphoneos;
				SWIFT_EMIT_LOC_STRINGS = NO;
				SWIFT_VERSION = 5.0;
				TARGETED_DEVICE_FAMILY = "1,2";
				TEST_HOST = "$(BUILT_PRODUCTS_DIR)/Base.app/Base";
				VALIDATE_PRODUCT = YES;
			};
			name = Release;
		};
		345CF3C4290C494C00A7BBD7 /* Debug */ = {
			isa = XCBuildConfiguration;
			buildSettings = {
				ALWAYS_EMBED_SWIFT_STANDARD_LIBRARIES = YES;
				CODE_SIGN_STYLE = Automatic;
				CURRENT_PROJECT_VERSION = 1;
				DEVELOPMENT_TEAM = 77BNMKA2CZ;
				GENERATE_INFOPLIST_FILE = YES;
				IPHONEOS_DEPLOYMENT_TARGET = 15.5;
				MARKETING_VERSION = 1.0;
				PRODUCT_BUNDLE_IDENTIFIER = com.LocalGoods.BaseUITests;
				PRODUCT_NAME = "$(TARGET_NAME)";
				SDKROOT = iphoneos;
				SWIFT_EMIT_LOC_STRINGS = NO;
				SWIFT_VERSION = 5.0;
				TARGETED_DEVICE_FAMILY = "1,2";
				TEST_TARGET_NAME = Base;
			};
			name = Debug;
		};
		345CF3C5290C494C00A7BBD7 /* Release */ = {
			isa = XCBuildConfiguration;
			buildSettings = {
				ALWAYS_EMBED_SWIFT_STANDARD_LIBRARIES = YES;
				CODE_SIGN_STYLE = Automatic;
				CURRENT_PROJECT_VERSION = 1;
				DEVELOPMENT_TEAM = 77BNMKA2CZ;
				GENERATE_INFOPLIST_FILE = YES;
				IPHONEOS_DEPLOYMENT_TARGET = 15.5;
				MARKETING_VERSION = 1.0;
				PRODUCT_BUNDLE_IDENTIFIER = com.LocalGoods.BaseUITests;
				PRODUCT_NAME = "$(TARGET_NAME)";
				SDKROOT = iphoneos;
				SWIFT_EMIT_LOC_STRINGS = NO;
				SWIFT_VERSION = 5.0;
				TARGETED_DEVICE_FAMILY = "1,2";
				TEST_TARGET_NAME = Base;
				VALIDATE_PRODUCT = YES;
			};
			name = Release;
		};
		345CF3C7290C494C00A7BBD7 /* Debug */ = {
			isa = XCBuildConfiguration;
			buildSettings = {
				ALWAYS_EMBED_SWIFT_STANDARD_LIBRARIES = YES;
				BUNDLE_LOADER = "$(TEST_HOST)";
				CODE_SIGN_STYLE = Automatic;
				CURRENT_PROJECT_VERSION = 1;
				DEVELOPMENT_TEAM = 77BNMKA2CZ;
				GENERATE_INFOPLIST_FILE = YES;
				MARKETING_VERSION = 1.0;
				PRODUCT_BUNDLE_IDENTIFIER = "com.LocalGoods.Base-WatchKit-AppTests";
				PRODUCT_NAME = "$(TARGET_NAME)";
				SDKROOT = watchos;
				SWIFT_EMIT_LOC_STRINGS = NO;
				SWIFT_VERSION = 5.0;
				TARGETED_DEVICE_FAMILY = 4;
				TEST_HOST = "$(BUILT_PRODUCTS_DIR)/Base WatchKit Extension.appex/Base WatchKit Extension";
				WATCHOS_DEPLOYMENT_TARGET = 8.5;
			};
			name = Debug;
		};
		345CF3C8290C494C00A7BBD7 /* Release */ = {
			isa = XCBuildConfiguration;
			buildSettings = {
				ALWAYS_EMBED_SWIFT_STANDARD_LIBRARIES = YES;
				BUNDLE_LOADER = "$(TEST_HOST)";
				CODE_SIGN_STYLE = Automatic;
				CURRENT_PROJECT_VERSION = 1;
				DEVELOPMENT_TEAM = 77BNMKA2CZ;
				GENERATE_INFOPLIST_FILE = YES;
				MARKETING_VERSION = 1.0;
				PRODUCT_BUNDLE_IDENTIFIER = "com.LocalGoods.Base-WatchKit-AppTests";
				PRODUCT_NAME = "$(TARGET_NAME)";
				SDKROOT = watchos;
				SWIFT_EMIT_LOC_STRINGS = NO;
				SWIFT_VERSION = 5.0;
				TARGETED_DEVICE_FAMILY = 4;
				TEST_HOST = "$(BUILT_PRODUCTS_DIR)/Base WatchKit Extension.appex/Base WatchKit Extension";
				VALIDATE_PRODUCT = YES;
				WATCHOS_DEPLOYMENT_TARGET = 8.5;
			};
			name = Release;
		};
		345CF3CA290C494C00A7BBD7 /* Debug */ = {
			isa = XCBuildConfiguration;
			buildSettings = {
				CODE_SIGN_STYLE = Automatic;
				CURRENT_PROJECT_VERSION = 1;
				DEVELOPMENT_TEAM = 77BNMKA2CZ;
				GENERATE_INFOPLIST_FILE = YES;
				MARKETING_VERSION = 1.0;
				PRODUCT_BUNDLE_IDENTIFIER = "com.LocalGoods.Base-WatchKit-AppUITests";
				PRODUCT_NAME = "$(TARGET_NAME)";
				SDKROOT = watchos;
				SWIFT_EMIT_LOC_STRINGS = NO;
				SWIFT_VERSION = 5.0;
				TARGETED_DEVICE_FAMILY = 4;
				TEST_TARGET_NAME = "Base WatchKit App";
				WATCHOS_DEPLOYMENT_TARGET = 8.5;
			};
			name = Debug;
		};
		345CF3CB290C494C00A7BBD7 /* Release */ = {
			isa = XCBuildConfiguration;
			buildSettings = {
				CODE_SIGN_STYLE = Automatic;
				CURRENT_PROJECT_VERSION = 1;
				DEVELOPMENT_TEAM = 77BNMKA2CZ;
				GENERATE_INFOPLIST_FILE = YES;
				MARKETING_VERSION = 1.0;
				PRODUCT_BUNDLE_IDENTIFIER = "com.LocalGoods.Base-WatchKit-AppUITests";
				PRODUCT_NAME = "$(TARGET_NAME)";
				SDKROOT = watchos;
				SWIFT_EMIT_LOC_STRINGS = NO;
				SWIFT_VERSION = 5.0;
				TARGETED_DEVICE_FAMILY = 4;
				TEST_TARGET_NAME = "Base WatchKit App";
				VALIDATE_PRODUCT = YES;
				WATCHOS_DEPLOYMENT_TARGET = 8.5;
			};
			name = Release;
		};
/* End XCBuildConfiguration section */

/* Begin XCConfigurationList section */
		345CF353290C494A00A7BBD7 /* Build configuration list for PBXProject "Base" */ = {
			isa = XCConfigurationList;
			buildConfigurations = (
				345CF3B3290C494C00A7BBD7 /* Debug */,
				345CF3B4290C494C00A7BBD7 /* Release */,
			);
			defaultConfigurationIsVisible = 0;
			defaultConfigurationName = Release;
		};
		345CF3B5290C494C00A7BBD7 /* Build configuration list for PBXNativeTarget "Base WatchKit Extension" */ = {
			isa = XCConfigurationList;
			buildConfigurations = (
				345CF3B6290C494C00A7BBD7 /* Debug */,
				345CF3B7290C494C00A7BBD7 /* Release */,
			);
			defaultConfigurationIsVisible = 0;
			defaultConfigurationName = Release;
		};
		345CF3B9290C494C00A7BBD7 /* Build configuration list for PBXNativeTarget "Base WatchKit App" */ = {
			isa = XCConfigurationList;
			buildConfigurations = (
				345CF3BA290C494C00A7BBD7 /* Debug */,
				345CF3BB290C494C00A7BBD7 /* Release */,
			);
			defaultConfigurationIsVisible = 0;
			defaultConfigurationName = Release;
		};
		345CF3BD290C494C00A7BBD7 /* Build configuration list for PBXNativeTarget "Base" */ = {
			isa = XCConfigurationList;
			buildConfigurations = (
				345CF3BE290C494C00A7BBD7 /* Debug */,
				345CF3BF290C494C00A7BBD7 /* Release */,
			);
			defaultConfigurationIsVisible = 0;
			defaultConfigurationName = Release;
		};
		345CF3C0290C494C00A7BBD7 /* Build configuration list for PBXNativeTarget "BaseTests" */ = {
			isa = XCConfigurationList;
			buildConfigurations = (
				345CF3C1290C494C00A7BBD7 /* Debug */,
				345CF3C2290C494C00A7BBD7 /* Release */,
			);
			defaultConfigurationIsVisible = 0;
			defaultConfigurationName = Release;
		};
		345CF3C3290C494C00A7BBD7 /* Build configuration list for PBXNativeTarget "BaseUITests" */ = {
			isa = XCConfigurationList;
			buildConfigurations = (
				345CF3C4290C494C00A7BBD7 /* Debug */,
				345CF3C5290C494C00A7BBD7 /* Release */,
			);
			defaultConfigurationIsVisible = 0;
			defaultConfigurationName = Release;
		};
		345CF3C6290C494C00A7BBD7 /* Build configuration list for PBXNativeTarget "Base WatchKit AppTests" */ = {
			isa = XCConfigurationList;
			buildConfigurations = (
				345CF3C7290C494C00A7BBD7 /* Debug */,
				345CF3C8290C494C00A7BBD7 /* Release */,
			);
			defaultConfigurationIsVisible = 0;
			defaultConfigurationName = Release;
		};
		345CF3C9290C494C00A7BBD7 /* Build configuration list for PBXNativeTarget "Base WatchKit AppUITests" */ = {
			isa = XCConfigurationList;
			buildConfigurations = (
				345CF3CA290C494C00A7BBD7 /* Debug */,
				345CF3CB290C494C00A7BBD7 /* Release */,
			);
			defaultConfigurationIsVisible = 0;
			defaultConfigurationName = Release;
		};
/* End XCConfigurationList section */
	};
	rootObject = 345CF350290C494A00A7BBD7 /* Project object */;
}
